// !$*UTF8*$!
{
	archiveVersion = 1;
	classes = {
	};
	objectVersion = 46;
	objects = {

/* Begin PBXBuildFile section */
		6C1DBC391F5D497700F5B975 /* main.m in Sources */ = {isa = PBXBuildFile; fileRef = 6C1DBC381F5D497700F5B975 /* main.m */; };
		6C1DBC3C1F5D497700F5B975 /* AppDelegate.m in Sources */ = {isa = PBXBuildFile; fileRef = 6C1DBC3B1F5D497700F5B975 /* AppDelegate.m */; };
		6C1DBC441F5D497700F5B975 /* Assets.xcassets in Resources */ = {isa = PBXBuildFile; fileRef = 6C1DBC431F5D497700F5B975 /* Assets.xcassets */; };
		6C1DBC471F5D497700F5B975 /* LaunchScreen.storyboard in Resources */ = {isa = PBXBuildFile; fileRef = 6C1DBC451F5D497700F5B975 /* LaunchScreen.storyboard */; };
		6C1DBC661F5D49BC00F5B975 /* MainFootView.m in Sources */ = {isa = PBXBuildFile; fileRef = 6C1DBC511F5D49BC00F5B975 /* MainFootView.m */; };
		6C1DBC671F5D49BC00F5B975 /* MainFootView.xib in Resources */ = {isa = PBXBuildFile; fileRef = 6C1DBC521F5D49BC00F5B975 /* MainFootView.xib */; };
		6C1DBC681F5D49BC00F5B975 /* MainHeaderCell.m in Sources */ = {isa = PBXBuildFile; fileRef = 6C1DBC541F5D49BC00F5B975 /* MainHeaderCell.m */; };
		6C1DBC691F5D49BC00F5B975 /* MainHeaderCell.xib in Resources */ = {isa = PBXBuildFile; fileRef = 6C1DBC551F5D49BC00F5B975 /* MainHeaderCell.xib */; };
		6C1DBC6A1F5D49BC00F5B975 /* MainSecondCell.m in Sources */ = {isa = PBXBuildFile; fileRef = 6C1DBC571F5D49BC00F5B975 /* MainSecondCell.m */; };
		6C1DBC6B1F5D49BC00F5B975 /* MainSecondCell.xib in Resources */ = {isa = PBXBuildFile; fileRef = 6C1DBC581F5D49BC00F5B975 /* MainSecondCell.xib */; };
		6C1DBC6C1F5D49BC00F5B975 /* MainTabHeadView.m in Sources */ = {isa = PBXBuildFile; fileRef = 6C1DBC5A1F5D49BC00F5B975 /* MainTabHeadView.m */; };
		6C1DBC6D1F5D49BC00F5B975 /* MainTabHeadView.xib in Resources */ = {isa = PBXBuildFile; fileRef = 6C1DBC5B1F5D49BC00F5B975 /* MainTabHeadView.xib */; };
		6C1DBC6E1F5D49BC00F5B975 /* MainThirdCell.m in Sources */ = {isa = PBXBuildFile; fileRef = 6C1DBC5D1F5D49BC00F5B975 /* MainThirdCell.m */; };
		6C1DBC6F1F5D49BC00F5B975 /* MainThirdCell.xib in Resources */ = {isa = PBXBuildFile; fileRef = 6C1DBC5E1F5D49BC00F5B975 /* MainThirdCell.xib */; };
		6C1DBC701F5D49BC00F5B975 /* MainViewController.m in Sources */ = {isa = PBXBuildFile; fileRef = 6C1DBC601F5D49BC00F5B975 /* MainViewController.m */; };
		6C1DBC711F5D49BC00F5B975 /* MainViewController.xib in Resources */ = {isa = PBXBuildFile; fileRef = 6C1DBC611F5D49BC00F5B975 /* MainViewController.xib */; };
		6C1DBC721F5D49BC00F5B975 /* UserModel.m in Sources */ = {isa = PBXBuildFile; fileRef = 6C1DBC641F5D49BC00F5B975 /* UserModel.m */; };
		6C1DBCD71F5E46CE00F5B975 /* qq@2x.png in Resources */ = {isa = PBXBuildFile; fileRef = 6C1DBC751F5E46CE00F5B975 /* qq@2x.png */; };
		6C1DBCD81F5E46CE00F5B975 /* qq@3x.png in Resources */ = {isa = PBXBuildFile; fileRef = 6C1DBC761F5E46CE00F5B975 /* qq@3x.png */; };
		6C1DBCD91F5E46CE00F5B975 /* 不知道-拷贝@2x.png in Resources */ = {isa = PBXBuildFile; fileRef = 6C1DBC771F5E46CE00F5B975 /* 不知道-拷贝@2x.png */; };
		6C1DBCDA1F5E46CE00F5B975 /* 不知道-拷贝@3x.png in Resources */ = {isa = PBXBuildFile; fileRef = 6C1DBC781F5E46CE00F5B975 /* 不知道-拷贝@3x.png */; };
		6C1DBCDB1F5E46CE00F5B975 /* 不知道@2x.png in Resources */ = {isa = PBXBuildFile; fileRef = 6C1DBC791F5E46CE00F5B975 /* 不知道@2x.png */; };
		6C1DBCDC1F5E46CE00F5B975 /* 不知道@3x.png in Resources */ = {isa = PBXBuildFile; fileRef = 6C1DBC7A1F5E46CE00F5B975 /* 不知道@3x.png */; };
		6C1DBCDD1F5E46CE00F5B975 /* 书@2x.png in Resources */ = {isa = PBXBuildFile; fileRef = 6C1DBC7B1F5E46CE00F5B975 /* 书@2x.png */; };
		6C1DBCDE1F5E46CE00F5B975 /* 书@3x.png in Resources */ = {isa = PBXBuildFile; fileRef = 6C1DBC7C1F5E46CE00F5B975 /* 书@3x.png */; };
		6C1DBCDF1F5E46CE00F5B975 /* 位置@2x.png in Resources */ = {isa = PBXBuildFile; fileRef = 6C1DBC7D1F5E46CE00F5B975 /* 位置@2x.png */; };
		6C1DBCE01F5E46CE00F5B975 /* 位置@3x.png in Resources */ = {isa = PBXBuildFile; fileRef = 6C1DBC7E1F5E46CE00F5B975 /* 位置@3x.png */; };
		6C1DBCE11F5E46CE00F5B975 /* 关于我们@2x.png in Resources */ = {isa = PBXBuildFile; fileRef = 6C1DBC7F1F5E46CE00F5B975 /* 关于我们@2x.png */; };
		6C1DBCE21F5E46CE00F5B975 /* 关于我们@3x.png in Resources */ = {isa = PBXBuildFile; fileRef = 6C1DBC801F5E46CE00F5B975 /* 关于我们@3x.png */; };
		6C1DBCE31F5E46CE00F5B975 /* 关闭抽屉@2x.png in Resources */ = {isa = PBXBuildFile; fileRef = 6C1DBC811F5E46CE00F5B975 /* 关闭抽屉@2x.png */; };
		6C1DBCE41F5E46CE00F5B975 /* 关闭抽屉@3x.png in Resources */ = {isa = PBXBuildFile; fileRef = 6C1DBC821F5E46CE00F5B975 /* 关闭抽屉@3x.png */; };
		6C1DBCE51F5E46CE00F5B975 /* 分享@2x.png in Resources */ = {isa = PBXBuildFile; fileRef = 6C1DBC831F5E46CE00F5B975 /* 分享@2x.png */; };
		6C1DBCE61F5E46CE00F5B975 /* 分享@3x.png in Resources */ = {isa = PBXBuildFile; fileRef = 6C1DBC841F5E46CE00F5B975 /* 分享@3x.png */; };
		6C1DBCE71F5E46CE00F5B975 /* 切换小@2x.png in Resources */ = {isa = PBXBuildFile; fileRef = 6C1DBC851F5E46CE00F5B975 /* 切换小@2x.png */; };
		6C1DBCE81F5E46CE00F5B975 /* 切换小@3x.png in Resources */ = {isa = PBXBuildFile; fileRef = 6C1DBC861F5E46CE00F5B975 /* 切换小@3x.png */; };
		6C1DBCE91F5E46CE00F5B975 /* 大屏@2x.png in Resources */ = {isa = PBXBuildFile; fileRef = 6C1DBC871F5E46CE00F5B975 /* 大屏@2x.png */; };
		6C1DBCEA1F5E46CE00F5B975 /* 大屏@3x.png in Resources */ = {isa = PBXBuildFile; fileRef = 6C1DBC881F5E46CE00F5B975 /* 大屏@3x.png */; };
		6C1DBCEB1F5E46CE00F5B975 /* 头像框@2x.png in Resources */ = {isa = PBXBuildFile; fileRef = 6C1DBC891F5E46CE00F5B975 /* 头像框@2x.png */; };
		6C1DBCEC1F5E46CE00F5B975 /* 头像框@3x.png in Resources */ = {isa = PBXBuildFile; fileRef = 6C1DBC8A1F5E46CE00F5B975 /* 头像框@3x.png */; };
		6C1DBCED1F5E46CE00F5B975 /* 女性@2x.png in Resources */ = {isa = PBXBuildFile; fileRef = 6C1DBC8B1F5E46CE00F5B975 /* 女性@2x.png */; };
		6C1DBCEE1F5E46CE00F5B975 /* 女性@3x.png in Resources */ = {isa = PBXBuildFile; fileRef = 6C1DBC8C1F5E46CE00F5B975 /* 女性@3x.png */; };
		6C1DBCEF1F5E46CE00F5B975 /* 孕妇资料背景@2x.png in Resources */ = {isa = PBXBuildFile; fileRef = 6C1DBC8D1F5E46CE00F5B975 /* 孕妇资料背景@2x.png */; };
		6C1DBCF01F5E46CE00F5B975 /* 孕妇资料背景@3x.png in Resources */ = {isa = PBXBuildFile; fileRef = 6C1DBC8E1F5E46CE00F5B975 /* 孕妇资料背景@3x.png */; };
		6C1DBCF11F5E46CE00F5B975 /* 小屏@2x.png in Resources */ = {isa = PBXBuildFile; fileRef = 6C1DBC8F1F5E46CE00F5B975 /* 小屏@2x.png */; };
		6C1DBCF21F5E46CE00F5B975 /* 小屏@3x.png in Resources */ = {isa = PBXBuildFile; fileRef = 6C1DBC901F5E46CE00F5B975 /* 小屏@3x.png */; };
		6C1DBCF31F5E46CE00F5B975 /* 微信@2x.png in Resources */ = {isa = PBXBuildFile; fileRef = 6C1DBC911F5E46CE00F5B975 /* 微信@2x.png */; };
		6C1DBCF41F5E46CE00F5B975 /* 微信@3x.png in Resources */ = {isa = PBXBuildFile; fileRef = 6C1DBC921F5E46CE00F5B975 /* 微信@3x.png */; };
		6C1DBCF51F5E46CE00F5B975 /* 微博@2x.png in Resources */ = {isa = PBXBuildFile; fileRef = 6C1DBC931F5E46CE00F5B975 /* 微博@2x.png */; };
		6C1DBCF61F5E46CE00F5B975 /* 微博@3x.png in Resources */ = {isa = PBXBuildFile; fileRef = 6C1DBC941F5E46CE00F5B975 /* 微博@3x.png */; };
		6C1DBCF71F5E46CE00F5B975 /* 怀孕@3x.jpg in Resources */ = {isa = PBXBuildFile; fileRef = 6C1DBC951F5E46CE00F5B975 /* 怀孕@3x.jpg */; };
		6C1DBCF81F5E46CE00F5B975 /* 怀孕文案@2x.png in Resources */ = {isa = PBXBuildFile; fileRef = 6C1DBC961F5E46CE00F5B975 /* 怀孕文案@2x.png */; };
		6C1DBCF91F5E46CE00F5B975 /* 怀孕文案@3x.png in Resources */ = {isa = PBXBuildFile; fileRef = 6C1DBC971F5E46CE00F5B975 /* 怀孕文案@3x.png */; };
		6C1DBCFA1F5E46CE00F5B975 /* 意见反馈背景@2x.png in Resources */ = {isa = PBXBuildFile; fileRef = 6C1DBC981F5E46CE00F5B975 /* 意见反馈背景@2x.png */; };
		6C1DBCFB1F5E46CE00F5B975 /* 意见反馈背景@3x.png in Resources */ = {isa = PBXBuildFile; fileRef = 6C1DBC991F5E46CE00F5B975 /* 意见反馈背景@3x.png */; };
		6C1DBCFC1F5E46CE00F5B975 /* 抽屉@2x.png in Resources */ = {isa = PBXBuildFile; fileRef = 6C1DBC9A1F5E46CE00F5B975 /* 抽屉@2x.png */; };
		6C1DBCFD1F5E46CE00F5B975 /* 抽屉@3x.png in Resources */ = {isa = PBXBuildFile; fileRef = 6C1DBC9B1F5E46CE00F5B975 /* 抽屉@3x.png */; };
		6C1DBCFE1F5E46CE00F5B975 /* 搜索@2x.png in Resources */ = {isa = PBXBuildFile; fileRef = 6C1DBC9C1F5E46CE00F5B975 /* 搜索@2x.png */; };
		6C1DBCFF1F5E46CE00F5B975 /* 搜索@3x.png in Resources */ = {isa = PBXBuildFile; fileRef = 6C1DBC9D1F5E46CE00F5B975 /* 搜索@3x.png */; };
		6C1DBD001F5E46CE00F5B975 /* 搜索关闭@2x.png in Resources */ = {isa = PBXBuildFile; fileRef = 6C1DBC9E1F5E46CE00F5B975 /* 搜索关闭@2x.png */; };
		6C1DBD011F5E46CE00F5B975 /* 搜索关闭@3x.png in Resources */ = {isa = PBXBuildFile; fileRef = 6C1DBC9F1F5E46CE00F5B975 /* 搜索关闭@3x.png */; };
		6C1DBD021F5E46CE00F5B975 /* 播放@2x.png in Resources */ = {isa = PBXBuildFile; fileRef = 6C1DBCA01F5E46CE00F5B975 /* 播放@2x.png */; };
		6C1DBD031F5E46CE00F5B975 /* 播放@3x.png in Resources */ = {isa = PBXBuildFile; fileRef = 6C1DBCA11F5E46CE00F5B975 /* 播放@3x.png */; };
		6C1DBD041F5E46CE00F5B975 /* 新消息@2x.png in Resources */ = {isa = PBXBuildFile; fileRef = 6C1DBCA21F5E46CE00F5B975 /* 新消息@2x.png */; };
		6C1DBD051F5E46CE00F5B975 /* 新消息@3x.png in Resources */ = {isa = PBXBuildFile; fileRef = 6C1DBCA31F5E46CE00F5B975 /* 新消息@3x.png */; };
		6C1DBD061F5E46CE00F5B975 /* 暂停@2x.png in Resources */ = {isa = PBXBuildFile; fileRef = 6C1DBCA41F5E46CE00F5B975 /* 暂停@2x.png */; };
		6C1DBD071F5E46CE00F5B975 /* 暂停@3x.png in Resources */ = {isa = PBXBuildFile; fileRef = 6C1DBCA51F5E46CE00F5B975 /* 暂停@3x.png */; };
		6C1DBD081F5E46CE00F5B975 /* 未选性别@2x.png in Resources */ = {isa = PBXBuildFile; fileRef = 6C1DBCA61F5E46CE00F5B975 /* 未选性别@2x.png */; };
		6C1DBD091F5E46CE00F5B975 /* 未选性别@3x.png in Resources */ = {isa = PBXBuildFile; fileRef = 6C1DBCA71F5E46CE00F5B975 /* 未选性别@3x.png */; };
		6C1DBD0A1F5E46CE00F5B975 /* 添加头像@2x.png in Resources */ = {isa = PBXBuildFile; fileRef = 6C1DBCA81F5E46CE00F5B975 /* 添加头像@2x.png */; };
		6C1DBD0B1F5E46CE00F5B975 /* 添加头像@3x.png in Resources */ = {isa = PBXBuildFile; fileRef = 6C1DBCA91F5E46CE00F5B975 /* 添加头像@3x.png */; };
		6C1DBD0C1F5E46CE00F5B975 /* 男性@2x.png in Resources */ = {isa = PBXBuildFile; fileRef = 6C1DBCAA1F5E46CE00F5B975 /* 男性@2x.png */; };
		6C1DBD0D1F5E46CE00F5B975 /* 男性@3x.png in Resources */ = {isa = PBXBuildFile; fileRef = 6C1DBCAB1F5E46CE00F5B975 /* 男性@3x.png */; };
		6C1DBD0E1F5E46CE00F5B975 /* 登录背景@2x.png in Resources */ = {isa = PBXBuildFile; fileRef = 6C1DBCAC1F5E46CE00F5B975 /* 登录背景@2x.png */; };
		6C1DBD0F1F5E46CE00F5B975 /* 登录背景@3x.png in Resources */ = {isa = PBXBuildFile; fileRef = 6C1DBCAD1F5E46CE00F5B975 /* 登录背景@3x.png */; };
		6C1DBD101F5E46CE00F5B975 /* 白色滑块@2x.png in Resources */ = {isa = PBXBuildFile; fileRef = 6C1DBCAE1F5E46CE00F5B975 /* 白色滑块@2x.png */; };
		6C1DBD111F5E46CE00F5B975 /* 白色滑块@3x.png in Resources */ = {isa = PBXBuildFile; fileRef = 6C1DBCAF1F5E46CE00F5B975 /* 白色滑块@3x.png */; };
		6C1DBD121F5E46CE00F5B975 /* 知识tab@2x.png in Resources */ = {isa = PBXBuildFile; fileRef = 6C1DBCB01F5E46CE00F5B975 /* 知识tab@2x.png */; };
		6C1DBD131F5E46CE00F5B975 /* 知识tab@3x.png in Resources */ = {isa = PBXBuildFile; fileRef = 6C1DBCB11F5E46CE00F5B975 /* 知识tab@3x.png */; };
		6C1DBD141F5E46CE00F5B975 /* 知道-拷贝@2x.png in Resources */ = {isa = PBXBuildFile; fileRef = 6C1DBCB21F5E46CE00F5B975 /* 知道-拷贝@2x.png */; };
		6C1DBD151F5E46CE00F5B975 /* 知道-拷贝@3x.png in Resources */ = {isa = PBXBuildFile; fileRef = 6C1DBCB31F5E46CE00F5B975 /* 知道-拷贝@3x.png */; };
		6C1DBD161F5E46CE00F5B975 /* 知道@2x.png in Resources */ = {isa = PBXBuildFile; fileRef = 6C1DBCB41F5E46CE00F5B975 /* 知道@2x.png */; };
		6C1DBD171F5E46CE00F5B975 /* 知道@3x.png in Resources */ = {isa = PBXBuildFile; fileRef = 6C1DBCB51F5E46CE00F5B975 /* 知道@3x.png */; };
		6C1DBD181F5E46CE00F5B975 /* 立即开启@2x.png in Resources */ = {isa = PBXBuildFile; fileRef = 6C1DBCB61F5E46CE00F5B975 /* 立即开启@2x.png */; };
		6C1DBD191F5E46CE00F5B975 /* 立即开启@3x.png in Resources */ = {isa = PBXBuildFile; fileRef = 6C1DBCB71F5E46CE00F5B975 /* 立即开启@3x.png */; };
		6C1DBD1A1F5E46CE00F5B975 /* 立即开启点下@2x.png in Resources */ = {isa = PBXBuildFile; fileRef = 6C1DBCB81F5E46CE00F5B975 /* 立即开启点下@2x.png */; };
		6C1DBD1B1F5E46CE00F5B975 /* 立即开启点下@3x.png in Resources */ = {isa = PBXBuildFile; fileRef = 6C1DBCB91F5E46CE00F5B975 /* 立即开启点下@3x.png */; };
		6C1DBD1C1F5E46CE00F5B975 /* 缺省@2x.png in Resources */ = {isa = PBXBuildFile; fileRef = 6C1DBCBA1F5E46CE00F5B975 /* 缺省@2x.png */; };
		6C1DBD1D1F5E46CE00F5B975 /* 缺省@3x.png in Resources */ = {isa = PBXBuildFile; fileRef = 6C1DBCBB1F5E46CE00F5B975 /* 缺省@3x.png */; };
		6C1DBD1E1F5E46CE00F5B975 /* 育儿@3x.jpg in Resources */ = {isa = PBXBuildFile; fileRef = 6C1DBCBC1F5E46CE00F5B975 /* 育儿@3x.jpg */; };
		6C1DBD1F1F5E46CE00F5B975 /* 育儿文案@2x.png in Resources */ = {isa = PBXBuildFile; fileRef = 6C1DBCBD1F5E46CE00F5B975 /* 育儿文案@2x.png */; };
		6C1DBD201F5E46CE00F5B975 /* 育儿文案@3x.png in Resources */ = {isa = PBXBuildFile; fileRef = 6C1DBCBE1F5E46CE00F5B975 /* 育儿文案@3x.png */; };
		6C1DBD211F5E46CE00F5B975 /* 背景@2x.png in Resources */ = {isa = PBXBuildFile; fileRef = 6C1DBCBF1F5E46CE00F5B975 /* 背景@2x.png */; };
		6C1DBD221F5E46CE00F5B975 /* 背景@3x.png in Resources */ = {isa = PBXBuildFile; fileRef = 6C1DBCC01F5E46CE00F5B975 /* 背景@3x.png */; };
		6C1DBD231F5E46CE00F5B975 /* 购买按钮@2x.png in Resources */ = {isa = PBXBuildFile; fileRef = 6C1DBCC11F5E46CE00F5B975 /* 购买按钮@2x.png */; };
		6C1DBD241F5E46CE00F5B975 /* 购买按钮@3x.png in Resources */ = {isa = PBXBuildFile; fileRef = 6C1DBCC21F5E46CE00F5B975 /* 购买按钮@3x.png */; };
		6C1DBD251F5E46CE00F5B975 /* 返回白@2x.png in Resources */ = {isa = PBXBuildFile; fileRef = 6C1DBCC31F5E46CE00F5B975 /* 返回白@2x.png */; };
		6C1DBD261F5E46CE00F5B975 /* 返回白@3x.png in Resources */ = {isa = PBXBuildFile; fileRef = 6C1DBCC41F5E46CE00F5B975 /* 返回白@3x.png */; };
		6C1DBD271F5E46CE00F5B975 /* 闪屏@2x.png in Resources */ = {isa = PBXBuildFile; fileRef = 6C1DBCC51F5E46CE00F5B975 /* 闪屏@2x.png */; };
		6C1DBD281F5E46CE00F5B975 /* 闪屏@3x.png in Resources */ = {isa = PBXBuildFile; fileRef = 6C1DBCC61F5E46CE00F5B975 /* 闪屏@3x.png */; };
		6C1DBD291F5E46CE00F5B975 /* 闪屏渐变@2x.png in Resources */ = {isa = PBXBuildFile; fileRef = 6C1DBCC71F5E46CE00F5B975 /* 闪屏渐变@2x.png */; };
		6C1DBD2A1F5E46CE00F5B975 /* 闪屏渐变@3x.png in Resources */ = {isa = PBXBuildFile; fileRef = 6C1DBCC81F5E46CE00F5B975 /* 闪屏渐变@3x.png */; };
		6C1DBD2B1F5E46CE00F5B975 /* 首页加号@2x.png in Resources */ = {isa = PBXBuildFile; fileRef = 6C1DBCC91F5E46CE00F5B975 /* 首页加号@2x.png */; };
		6C1DBD2C1F5E46CE00F5B975 /* 首页加号@3x.png in Resources */ = {isa = PBXBuildFile; fileRef = 6C1DBCCA1F5E46CE00F5B975 /* 首页加号@3x.png */; };
		6C1DBD2D1F5E46CE00F5B975 /* 首页回放@2x.png in Resources */ = {isa = PBXBuildFile; fileRef = 6C1DBCCB1F5E46CE00F5B975 /* 首页回放@2x.png */; };
		6C1DBD2E1F5E46CE00F5B975 /* 首页回放@3x.png in Resources */ = {isa = PBXBuildFile; fileRef = 6C1DBCCC1F5E46CE00F5B975 /* 首页回放@3x.png */; };
		6C1DBD2F1F5E46CE00F5B975 /* 首页播放@2x.png in Resources */ = {isa = PBXBuildFile; fileRef = 6C1DBCCD1F5E46CE00F5B975 /* 首页播放@2x.png */; };
		6C1DBD301F5E46CE00F5B975 /* 首页播放@3x.png in Resources */ = {isa = PBXBuildFile; fileRef = 6C1DBCCE1F5E46CE00F5B975 /* 首页播放@3x.png */; };
		6C1DBD311F5E46CE00F5B975 /* 首页暂停@2x.png in Resources */ = {isa = PBXBuildFile; fileRef = 6C1DBCCF1F5E46CE00F5B975 /* 首页暂停@2x.png */; };
		6C1DBD321F5E46CE00F5B975 /* 首页暂停@3x.png in Resources */ = {isa = PBXBuildFile; fileRef = 6C1DBCD01F5E46CE00F5B975 /* 首页暂停@3x.png */; };
		6C1DBD331F5E46CE00F5B975 /* 首页转换@2x.png in Resources */ = {isa = PBXBuildFile; fileRef = 6C1DBCD11F5E46CE00F5B975 /* 首页转换@2x.png */; };
		6C1DBD341F5E46CE00F5B975 /* 首页转换@3x.png in Resources */ = {isa = PBXBuildFile; fileRef = 6C1DBCD21F5E46CE00F5B975 /* 首页转换@3x.png */; };
		6C1DBD351F5E46CE00F5B975 /* 黑返回@2x.png in Resources */ = {isa = PBXBuildFile; fileRef = 6C1DBCD31F5E46CE00F5B975 /* 黑返回@2x.png */; };
		6C1DBD361F5E46CE00F5B975 /* 黑返回@3x.png in Resources */ = {isa = PBXBuildFile; fileRef = 6C1DBCD41F5E46CE00F5B975 /* 黑返回@3x.png */; };
		6C1DBD371F5E46CE00F5B975 /* 默认头像@2x.png in Resources */ = {isa = PBXBuildFile; fileRef = 6C1DBCD51F5E46CE00F5B975 /* 默认头像@2x.png */; };
		6C1DBD381F5E46CE00F5B975 /* 默认头像@3x.png in Resources */ = {isa = PBXBuildFile; fileRef = 6C1DBCD61F5E46CE00F5B975 /* 默认头像@3x.png */; };
		6C1DBD3F1F5E476A00F5B975 /* BaseViewController.m in Sources */ = {isa = PBXBuildFile; fileRef = 6C1DBD3E1F5E476A00F5B975 /* BaseViewController.m */; };
		6C1DBD431F5E477E00F5B975 /* CallBackViewController.m in Sources */ = {isa = PBXBuildFile; fileRef = 6C1DBD411F5E477E00F5B975 /* CallBackViewController.m */; };
		6C1DBD441F5E477E00F5B975 /* CallBackViewController.xib in Resources */ = {isa = PBXBuildFile; fileRef = 6C1DBD421F5E477E00F5B975 /* CallBackViewController.xib */; };
		6C1DBD481F5E50F900F5B975 /* LoignViewController.m in Sources */ = {isa = PBXBuildFile; fileRef = 6C1DBD461F5E50F900F5B975 /* LoignViewController.m */; };
		6C1DBD491F5E50F900F5B975 /* LoignViewController.xib in Resources */ = {isa = PBXBuildFile; fileRef = 6C1DBD471F5E50F900F5B975 /* LoignViewController.xib */; };
		6C1DBD4E1F5E57B900F5B975 /* MineViewController.m in Sources */ = {isa = PBXBuildFile; fileRef = 6C1DBD4C1F5E57B900F5B975 /* MineViewController.m */; };
		6C1DBD4F1F5E57B900F5B975 /* MineViewController.xib in Resources */ = {isa = PBXBuildFile; fileRef = 6C1DBD4D1F5E57B900F5B975 /* MineViewController.xib */; };
		6C1DBD531F5E725800F5B975 /* AbouUsViewController.m in Sources */ = {isa = PBXBuildFile; fileRef = 6C1DBD511F5E725800F5B975 /* AbouUsViewController.m */; };
		6C1DBD541F5E725800F5B975 /* AbouUsViewController.xib in Resources */ = {isa = PBXBuildFile; fileRef = 6C1DBD521F5E725800F5B975 /* AbouUsViewController.xib */; };
		6C1DBD591F5E769400F5B975 /* MyBabyViewController.m in Sources */ = {isa = PBXBuildFile; fileRef = 6C1DBD571F5E769400F5B975 /* MyBabyViewController.m */; };
		6C1DBD5A1F5E769400F5B975 /* MyBabyViewController.xib in Resources */ = {isa = PBXBuildFile; fileRef = 6C1DBD581F5E769400F5B975 /* MyBabyViewController.xib */; };
		6C1DBD5F1F5E79FD00F5B975 /* MyInfoViewController.m in Sources */ = {isa = PBXBuildFile; fileRef = 6C1DBD5D1F5E79FD00F5B975 /* MyInfoViewController.m */; };
		6C1DBD601F5E79FD00F5B975 /* MyInfoViewController.xib in Resources */ = {isa = PBXBuildFile; fileRef = 6C1DBD5E1F5E79FD00F5B975 /* MyInfoViewController.xib */; };
		6C1DBD641F5E7A2900F5B975 /* BabyCell.m in Sources */ = {isa = PBXBuildFile; fileRef = 6C1DBD621F5E7A2900F5B975 /* BabyCell.m */; };
		6C1DBD651F5E7A2900F5B975 /* BabyCell.xib in Resources */ = {isa = PBXBuildFile; fileRef = 6C1DBD631F5E7A2900F5B975 /* BabyCell.xib */; };
		9A88AAA6E256F73801B0798C /* libPods-mama.a in Frameworks */ = {isa = PBXBuildFile; fileRef = 539D3070BF6747521200DB7D /* libPods-mama.a */; };
/* End PBXBuildFile section */

/* Begin PBXFileReference section */
		31F05D6CF5F48C698FF53C35 /* Pods-mama.release.xcconfig */ = {isa = PBXFileReference; includeInIndex = 1; lastKnownFileType = text.xcconfig; name = "Pods-mama.release.xcconfig"; path = "Pods/Target Support Files/Pods-mama/Pods-mama.release.xcconfig"; sourceTree = "<group>"; };
		539D3070BF6747521200DB7D /* libPods-mama.a */ = {isa = PBXFileReference; explicitFileType = archive.ar; includeInIndex = 0; path = "libPods-mama.a"; sourceTree = BUILT_PRODUCTS_DIR; };
		58A690C68A9DF126CD5FB3A6 /* Pods-mama.debug.xcconfig */ = {isa = PBXFileReference; includeInIndex = 1; lastKnownFileType = text.xcconfig; name = "Pods-mama.debug.xcconfig"; path = "Pods/Target Support Files/Pods-mama/Pods-mama.debug.xcconfig"; sourceTree = "<group>"; };
		6C1DBC341F5D497700F5B975 /* mama.app */ = {isa = PBXFileReference; explicitFileType = wrapper.application; includeInIndex = 0; path = mama.app; sourceTree = BUILT_PRODUCTS_DIR; };
		6C1DBC381F5D497700F5B975 /* main.m */ = {isa = PBXFileReference; lastKnownFileType = sourcecode.c.objc; path = main.m; sourceTree = "<group>"; };
		6C1DBC3A1F5D497700F5B975 /* AppDelegate.h */ = {isa = PBXFileReference; lastKnownFileType = sourcecode.c.h; path = AppDelegate.h; sourceTree = "<group>"; };
		6C1DBC3B1F5D497700F5B975 /* AppDelegate.m */ = {isa = PBXFileReference; lastKnownFileType = sourcecode.c.objc; path = AppDelegate.m; sourceTree = "<group>"; };
		6C1DBC431F5D497700F5B975 /* Assets.xcassets */ = {isa = PBXFileReference; lastKnownFileType = folder.assetcatalog; path = Assets.xcassets; sourceTree = "<group>"; };
		6C1DBC461F5D497700F5B975 /* Base */ = {isa = PBXFileReference; lastKnownFileType = file.storyboard; name = Base; path = Base.lproj/LaunchScreen.storyboard; sourceTree = "<group>"; };
		6C1DBC481F5D497700F5B975 /* Info.plist */ = {isa = PBXFileReference; lastKnownFileType = text.plist.xml; path = Info.plist; sourceTree = "<group>"; };
		6C1DBC501F5D49BC00F5B975 /* MainFootView.h */ = {isa = PBXFileReference; fileEncoding = 4; lastKnownFileType = sourcecode.c.h; path = MainFootView.h; sourceTree = "<group>"; };
		6C1DBC511F5D49BC00F5B975 /* MainFootView.m */ = {isa = PBXFileReference; fileEncoding = 4; lastKnownFileType = sourcecode.c.objc; path = MainFootView.m; sourceTree = "<group>"; };
		6C1DBC521F5D49BC00F5B975 /* MainFootView.xib */ = {isa = PBXFileReference; fileEncoding = 4; lastKnownFileType = file.xib; path = MainFootView.xib; sourceTree = "<group>"; };
		6C1DBC531F5D49BC00F5B975 /* MainHeaderCell.h */ = {isa = PBXFileReference; fileEncoding = 4; lastKnownFileType = sourcecode.c.h; path = MainHeaderCell.h; sourceTree = "<group>"; };
		6C1DBC541F5D49BC00F5B975 /* MainHeaderCell.m */ = {isa = PBXFileReference; fileEncoding = 4; lastKnownFileType = sourcecode.c.objc; path = MainHeaderCell.m; sourceTree = "<group>"; };
		6C1DBC551F5D49BC00F5B975 /* MainHeaderCell.xib */ = {isa = PBXFileReference; fileEncoding = 4; lastKnownFileType = file.xib; path = MainHeaderCell.xib; sourceTree = "<group>"; };
		6C1DBC561F5D49BC00F5B975 /* MainSecondCell.h */ = {isa = PBXFileReference; fileEncoding = 4; lastKnownFileType = sourcecode.c.h; path = MainSecondCell.h; sourceTree = "<group>"; };
		6C1DBC571F5D49BC00F5B975 /* MainSecondCell.m */ = {isa = PBXFileReference; fileEncoding = 4; lastKnownFileType = sourcecode.c.objc; path = MainSecondCell.m; sourceTree = "<group>"; };
		6C1DBC581F5D49BC00F5B975 /* MainSecondCell.xib */ = {isa = PBXFileReference; fileEncoding = 4; lastKnownFileType = file.xib; path = MainSecondCell.xib; sourceTree = "<group>"; };
		6C1DBC591F5D49BC00F5B975 /* MainTabHeadView.h */ = {isa = PBXFileReference; fileEncoding = 4; lastKnownFileType = sourcecode.c.h; path = MainTabHeadView.h; sourceTree = "<group>"; };
		6C1DBC5A1F5D49BC00F5B975 /* MainTabHeadView.m */ = {isa = PBXFileReference; fileEncoding = 4; lastKnownFileType = sourcecode.c.objc; path = MainTabHeadView.m; sourceTree = "<group>"; };
		6C1DBC5B1F5D49BC00F5B975 /* MainTabHeadView.xib */ = {isa = PBXFileReference; fileEncoding = 4; lastKnownFileType = file.xib; path = MainTabHeadView.xib; sourceTree = "<group>"; };
		6C1DBC5C1F5D49BC00F5B975 /* MainThirdCell.h */ = {isa = PBXFileReference; fileEncoding = 4; lastKnownFileType = sourcecode.c.h; path = MainThirdCell.h; sourceTree = "<group>"; };
		6C1DBC5D1F5D49BC00F5B975 /* MainThirdCell.m */ = {isa = PBXFileReference; fileEncoding = 4; lastKnownFileType = sourcecode.c.objc; path = MainThirdCell.m; sourceTree = "<group>"; };
		6C1DBC5E1F5D49BC00F5B975 /* MainThirdCell.xib */ = {isa = PBXFileReference; fileEncoding = 4; lastKnownFileType = file.xib; path = MainThirdCell.xib; sourceTree = "<group>"; };
		6C1DBC5F1F5D49BC00F5B975 /* MainViewController.h */ = {isa = PBXFileReference; fileEncoding = 4; lastKnownFileType = sourcecode.c.h; path = MainViewController.h; sourceTree = "<group>"; };
		6C1DBC601F5D49BC00F5B975 /* MainViewController.m */ = {isa = PBXFileReference; fileEncoding = 4; lastKnownFileType = sourcecode.c.objc; path = MainViewController.m; sourceTree = "<group>"; };
		6C1DBC611F5D49BC00F5B975 /* MainViewController.xib */ = {isa = PBXFileReference; fileEncoding = 4; lastKnownFileType = file.xib; path = MainViewController.xib; sourceTree = "<group>"; };
		6C1DBC621F5D49BC00F5B975 /* PrefixHeader.pch */ = {isa = PBXFileReference; fileEncoding = 4; lastKnownFileType = sourcecode.c.h; path = PrefixHeader.pch; sourceTree = "<group>"; };
		6C1DBC631F5D49BC00F5B975 /* UserModel.h */ = {isa = PBXFileReference; fileEncoding = 4; lastKnownFileType = sourcecode.c.h; path = UserModel.h; sourceTree = "<group>"; };
		6C1DBC641F5D49BC00F5B975 /* UserModel.m */ = {isa = PBXFileReference; fileEncoding = 4; lastKnownFileType = sourcecode.c.objc; path = UserModel.m; sourceTree = "<group>"; };
		6C1DBC731F5D4A4D00F5B975 /* PrefixHeader.pch */ = {isa = PBXFileReference; lastKnownFileType = sourcecode.c.h; path = PrefixHeader.pch; sourceTree = "<group>"; };
		6C1DBC751F5E46CE00F5B975 /* qq@2x.png */ = {isa = PBXFileReference; lastKnownFileType = image.png; path = "qq@2x.png"; sourceTree = "<group>"; };
		6C1DBC761F5E46CE00F5B975 /* qq@3x.png */ = {isa = PBXFileReference; lastKnownFileType = image.png; path = "qq@3x.png"; sourceTree = "<group>"; };
		6C1DBC771F5E46CE00F5B975 /* 不知道-拷贝@2x.png */ = {isa = PBXFileReference; lastKnownFileType = image.png; path = "不知道-拷贝@2x.png"; sourceTree = "<group>"; };
		6C1DBC781F5E46CE00F5B975 /* 不知道-拷贝@3x.png */ = {isa = PBXFileReference; lastKnownFileType = image.png; path = "不知道-拷贝@3x.png"; sourceTree = "<group>"; };
		6C1DBC791F5E46CE00F5B975 /* 不知道@2x.png */ = {isa = PBXFileReference; lastKnownFileType = image.png; path = "不知道@2x.png"; sourceTree = "<group>"; };
		6C1DBC7A1F5E46CE00F5B975 /* 不知道@3x.png */ = {isa = PBXFileReference; lastKnownFileType = image.png; path = "不知道@3x.png"; sourceTree = "<group>"; };
		6C1DBC7B1F5E46CE00F5B975 /* 书@2x.png */ = {isa = PBXFileReference; lastKnownFileType = image.png; path = "书@2x.png"; sourceTree = "<group>"; };
		6C1DBC7C1F5E46CE00F5B975 /* 书@3x.png */ = {isa = PBXFileReference; lastKnownFileType = image.png; path = "书@3x.png"; sourceTree = "<group>"; };
		6C1DBC7D1F5E46CE00F5B975 /* 位置@2x.png */ = {isa = PBXFileReference; lastKnownFileType = image.png; path = "位置@2x.png"; sourceTree = "<group>"; };
		6C1DBC7E1F5E46CE00F5B975 /* 位置@3x.png */ = {isa = PBXFileReference; lastKnownFileType = image.png; path = "位置@3x.png"; sourceTree = "<group>"; };
		6C1DBC7F1F5E46CE00F5B975 /* 关于我们@2x.png */ = {isa = PBXFileReference; lastKnownFileType = image.png; path = "关于我们@2x.png"; sourceTree = "<group>"; };
		6C1DBC801F5E46CE00F5B975 /* 关于我们@3x.png */ = {isa = PBXFileReference; lastKnownFileType = image.png; path = "关于我们@3x.png"; sourceTree = "<group>"; };
		6C1DBC811F5E46CE00F5B975 /* 关闭抽屉@2x.png */ = {isa = PBXFileReference; lastKnownFileType = image.png; path = "关闭抽屉@2x.png"; sourceTree = "<group>"; };
		6C1DBC821F5E46CE00F5B975 /* 关闭抽屉@3x.png */ = {isa = PBXFileReference; lastKnownFileType = image.png; path = "关闭抽屉@3x.png"; sourceTree = "<group>"; };
		6C1DBC831F5E46CE00F5B975 /* 分享@2x.png */ = {isa = PBXFileReference; lastKnownFileType = image.png; path = "分享@2x.png"; sourceTree = "<group>"; };
		6C1DBC841F5E46CE00F5B975 /* 分享@3x.png */ = {isa = PBXFileReference; lastKnownFileType = image.png; path = "分享@3x.png"; sourceTree = "<group>"; };
		6C1DBC851F5E46CE00F5B975 /* 切换小@2x.png */ = {isa = PBXFileReference; lastKnownFileType = image.png; path = "切换小@2x.png"; sourceTree = "<group>"; };
		6C1DBC861F5E46CE00F5B975 /* 切换小@3x.png */ = {isa = PBXFileReference; lastKnownFileType = image.png; path = "切换小@3x.png"; sourceTree = "<group>"; };
		6C1DBC871F5E46CE00F5B975 /* 大屏@2x.png */ = {isa = PBXFileReference; lastKnownFileType = image.png; path = "大屏@2x.png"; sourceTree = "<group>"; };
		6C1DBC881F5E46CE00F5B975 /* 大屏@3x.png */ = {isa = PBXFileReference; lastKnownFileType = image.png; path = "大屏@3x.png"; sourceTree = "<group>"; };
		6C1DBC891F5E46CE00F5B975 /* 头像框@2x.png */ = {isa = PBXFileReference; lastKnownFileType = image.png; path = "头像框@2x.png"; sourceTree = "<group>"; };
		6C1DBC8A1F5E46CE00F5B975 /* 头像框@3x.png */ = {isa = PBXFileReference; lastKnownFileType = image.png; path = "头像框@3x.png"; sourceTree = "<group>"; };
		6C1DBC8B1F5E46CE00F5B975 /* 女性@2x.png */ = {isa = PBXFileReference; lastKnownFileType = image.png; path = "女性@2x.png"; sourceTree = "<group>"; };
		6C1DBC8C1F5E46CE00F5B975 /* 女性@3x.png */ = {isa = PBXFileReference; lastKnownFileType = image.png; path = "女性@3x.png"; sourceTree = "<group>"; };
		6C1DBC8D1F5E46CE00F5B975 /* 孕妇资料背景@2x.png */ = {isa = PBXFileReference; lastKnownFileType = image.png; path = "孕妇资料背景@2x.png"; sourceTree = "<group>"; };
		6C1DBC8E1F5E46CE00F5B975 /* 孕妇资料背景@3x.png */ = {isa = PBXFileReference; lastKnownFileType = image.png; path = "孕妇资料背景@3x.png"; sourceTree = "<group>"; };
		6C1DBC8F1F5E46CE00F5B975 /* 小屏@2x.png */ = {isa = PBXFileReference; lastKnownFileType = image.png; path = "小屏@2x.png"; sourceTree = "<group>"; };
		6C1DBC901F5E46CE00F5B975 /* 小屏@3x.png */ = {isa = PBXFileReference; lastKnownFileType = image.png; path = "小屏@3x.png"; sourceTree = "<group>"; };
		6C1DBC911F5E46CE00F5B975 /* 微信@2x.png */ = {isa = PBXFileReference; lastKnownFileType = image.png; path = "微信@2x.png"; sourceTree = "<group>"; };
		6C1DBC921F5E46CE00F5B975 /* 微信@3x.png */ = {isa = PBXFileReference; lastKnownFileType = image.png; path = "微信@3x.png"; sourceTree = "<group>"; };
		6C1DBC931F5E46CE00F5B975 /* 微博@2x.png */ = {isa = PBXFileReference; lastKnownFileType = image.png; path = "微博@2x.png"; sourceTree = "<group>"; };
		6C1DBC941F5E46CE00F5B975 /* 微博@3x.png */ = {isa = PBXFileReference; lastKnownFileType = image.png; path = "微博@3x.png"; sourceTree = "<group>"; };
		6C1DBC951F5E46CE00F5B975 /* 怀孕@3x.jpg */ = {isa = PBXFileReference; lastKnownFileType = image.jpeg; path = "怀孕@3x.jpg"; sourceTree = "<group>"; };
		6C1DBC961F5E46CE00F5B975 /* 怀孕文案@2x.png */ = {isa = PBXFileReference; lastKnownFileType = image.png; path = "怀孕文案@2x.png"; sourceTree = "<group>"; };
		6C1DBC971F5E46CE00F5B975 /* 怀孕文案@3x.png */ = {isa = PBXFileReference; lastKnownFileType = image.png; path = "怀孕文案@3x.png"; sourceTree = "<group>"; };
		6C1DBC981F5E46CE00F5B975 /* 意见反馈背景@2x.png */ = {isa = PBXFileReference; lastKnownFileType = image.png; path = "意见反馈背景@2x.png"; sourceTree = "<group>"; };
		6C1DBC991F5E46CE00F5B975 /* 意见反馈背景@3x.png */ = {isa = PBXFileReference; lastKnownFileType = image.png; path = "意见反馈背景@3x.png"; sourceTree = "<group>"; };
		6C1DBC9A1F5E46CE00F5B975 /* 抽屉@2x.png */ = {isa = PBXFileReference; lastKnownFileType = image.png; path = "抽屉@2x.png"; sourceTree = "<group>"; };
		6C1DBC9B1F5E46CE00F5B975 /* 抽屉@3x.png */ = {isa = PBXFileReference; lastKnownFileType = image.png; path = "抽屉@3x.png"; sourceTree = "<group>"; };
		6C1DBC9C1F5E46CE00F5B975 /* 搜索@2x.png */ = {isa = PBXFileReference; lastKnownFileType = image.png; path = "搜索@2x.png"; sourceTree = "<group>"; };
		6C1DBC9D1F5E46CE00F5B975 /* 搜索@3x.png */ = {isa = PBXFileReference; lastKnownFileType = image.png; path = "搜索@3x.png"; sourceTree = "<group>"; };
		6C1DBC9E1F5E46CE00F5B975 /* 搜索关闭@2x.png */ = {isa = PBXFileReference; lastKnownFileType = image.png; path = "搜索关闭@2x.png"; sourceTree = "<group>"; };
		6C1DBC9F1F5E46CE00F5B975 /* 搜索关闭@3x.png */ = {isa = PBXFileReference; lastKnownFileType = image.png; path = "搜索关闭@3x.png"; sourceTree = "<group>"; };
		6C1DBCA01F5E46CE00F5B975 /* 播放@2x.png */ = {isa = PBXFileReference; lastKnownFileType = image.png; path = "播放@2x.png"; sourceTree = "<group>"; };
		6C1DBCA11F5E46CE00F5B975 /* 播放@3x.png */ = {isa = PBXFileReference; lastKnownFileType = image.png; path = "播放@3x.png"; sourceTree = "<group>"; };
		6C1DBCA21F5E46CE00F5B975 /* 新消息@2x.png */ = {isa = PBXFileReference; lastKnownFileType = image.png; path = "新消息@2x.png"; sourceTree = "<group>"; };
		6C1DBCA31F5E46CE00F5B975 /* 新消息@3x.png */ = {isa = PBXFileReference; lastKnownFileType = image.png; path = "新消息@3x.png"; sourceTree = "<group>"; };
		6C1DBCA41F5E46CE00F5B975 /* 暂停@2x.png */ = {isa = PBXFileReference; lastKnownFileType = image.png; path = "暂停@2x.png"; sourceTree = "<group>"; };
		6C1DBCA51F5E46CE00F5B975 /* 暂停@3x.png */ = {isa = PBXFileReference; lastKnownFileType = image.png; path = "暂停@3x.png"; sourceTree = "<group>"; };
		6C1DBCA61F5E46CE00F5B975 /* 未选性别@2x.png */ = {isa = PBXFileReference; lastKnownFileType = image.png; path = "未选性别@2x.png"; sourceTree = "<group>"; };
		6C1DBCA71F5E46CE00F5B975 /* 未选性别@3x.png */ = {isa = PBXFileReference; lastKnownFileType = image.png; path = "未选性别@3x.png"; sourceTree = "<group>"; };
		6C1DBCA81F5E46CE00F5B975 /* 添加头像@2x.png */ = {isa = PBXFileReference; lastKnownFileType = image.png; path = "添加头像@2x.png"; sourceTree = "<group>"; };
		6C1DBCA91F5E46CE00F5B975 /* 添加头像@3x.png */ = {isa = PBXFileReference; lastKnownFileType = image.png; path = "添加头像@3x.png"; sourceTree = "<group>"; };
		6C1DBCAA1F5E46CE00F5B975 /* 男性@2x.png */ = {isa = PBXFileReference; lastKnownFileType = image.png; path = "男性@2x.png"; sourceTree = "<group>"; };
		6C1DBCAB1F5E46CE00F5B975 /* 男性@3x.png */ = {isa = PBXFileReference; lastKnownFileType = image.png; path = "男性@3x.png"; sourceTree = "<group>"; };
		6C1DBCAC1F5E46CE00F5B975 /* 登录背景@2x.png */ = {isa = PBXFileReference; lastKnownFileType = image.png; path = "登录背景@2x.png"; sourceTree = "<group>"; };
		6C1DBCAD1F5E46CE00F5B975 /* 登录背景@3x.png */ = {isa = PBXFileReference; lastKnownFileType = image.png; path = "登录背景@3x.png"; sourceTree = "<group>"; };
		6C1DBCAE1F5E46CE00F5B975 /* 白色滑块@2x.png */ = {isa = PBXFileReference; lastKnownFileType = image.png; path = "白色滑块@2x.png"; sourceTree = "<group>"; };
		6C1DBCAF1F5E46CE00F5B975 /* 白色滑块@3x.png */ = {isa = PBXFileReference; lastKnownFileType = image.png; path = "白色滑块@3x.png"; sourceTree = "<group>"; };
		6C1DBCB01F5E46CE00F5B975 /* 知识tab@2x.png */ = {isa = PBXFileReference; lastKnownFileType = image.png; path = "知识tab@2x.png"; sourceTree = "<group>"; };
		6C1DBCB11F5E46CE00F5B975 /* 知识tab@3x.png */ = {isa = PBXFileReference; lastKnownFileType = image.png; path = "知识tab@3x.png"; sourceTree = "<group>"; };
		6C1DBCB21F5E46CE00F5B975 /* 知道-拷贝@2x.png */ = {isa = PBXFileReference; lastKnownFileType = image.png; path = "知道-拷贝@2x.png"; sourceTree = "<group>"; };
		6C1DBCB31F5E46CE00F5B975 /* 知道-拷贝@3x.png */ = {isa = PBXFileReference; lastKnownFileType = image.png; path = "知道-拷贝@3x.png"; sourceTree = "<group>"; };
		6C1DBCB41F5E46CE00F5B975 /* 知道@2x.png */ = {isa = PBXFileReference; lastKnownFileType = image.png; path = "知道@2x.png"; sourceTree = "<group>"; };
		6C1DBCB51F5E46CE00F5B975 /* 知道@3x.png */ = {isa = PBXFileReference; lastKnownFileType = image.png; path = "知道@3x.png"; sourceTree = "<group>"; };
		6C1DBCB61F5E46CE00F5B975 /* 立即开启@2x.png */ = {isa = PBXFileReference; lastKnownFileType = image.png; path = "立即开启@2x.png"; sourceTree = "<group>"; };
		6C1DBCB71F5E46CE00F5B975 /* 立即开启@3x.png */ = {isa = PBXFileReference; lastKnownFileType = image.png; path = "立即开启@3x.png"; sourceTree = "<group>"; };
		6C1DBCB81F5E46CE00F5B975 /* 立即开启点下@2x.png */ = {isa = PBXFileReference; lastKnownFileType = image.png; path = "立即开启点下@2x.png"; sourceTree = "<group>"; };
		6C1DBCB91F5E46CE00F5B975 /* 立即开启点下@3x.png */ = {isa = PBXFileReference; lastKnownFileType = image.png; path = "立即开启点下@3x.png"; sourceTree = "<group>"; };
		6C1DBCBA1F5E46CE00F5B975 /* 缺省@2x.png */ = {isa = PBXFileReference; lastKnownFileType = image.png; path = "缺省@2x.png"; sourceTree = "<group>"; };
		6C1DBCBB1F5E46CE00F5B975 /* 缺省@3x.png */ = {isa = PBXFileReference; lastKnownFileType = image.png; path = "缺省@3x.png"; sourceTree = "<group>"; };
		6C1DBCBC1F5E46CE00F5B975 /* 育儿@3x.jpg */ = {isa = PBXFileReference; lastKnownFileType = image.jpeg; path = "育儿@3x.jpg"; sourceTree = "<group>"; };
		6C1DBCBD1F5E46CE00F5B975 /* 育儿文案@2x.png */ = {isa = PBXFileReference; lastKnownFileType = image.png; path = "育儿文案@2x.png"; sourceTree = "<group>"; };
		6C1DBCBE1F5E46CE00F5B975 /* 育儿文案@3x.png */ = {isa = PBXFileReference; lastKnownFileType = image.png; path = "育儿文案@3x.png"; sourceTree = "<group>"; };
		6C1DBCBF1F5E46CE00F5B975 /* 背景@2x.png */ = {isa = PBXFileReference; lastKnownFileType = image.png; path = "背景@2x.png"; sourceTree = "<group>"; };
		6C1DBCC01F5E46CE00F5B975 /* 背景@3x.png */ = {isa = PBXFileReference; lastKnownFileType = image.png; path = "背景@3x.png"; sourceTree = "<group>"; };
		6C1DBCC11F5E46CE00F5B975 /* 购买按钮@2x.png */ = {isa = PBXFileReference; lastKnownFileType = image.png; path = "购买按钮@2x.png"; sourceTree = "<group>"; };
		6C1DBCC21F5E46CE00F5B975 /* 购买按钮@3x.png */ = {isa = PBXFileReference; lastKnownFileType = image.png; path = "购买按钮@3x.png"; sourceTree = "<group>"; };
		6C1DBCC31F5E46CE00F5B975 /* 返回白@2x.png */ = {isa = PBXFileReference; lastKnownFileType = image.png; path = "返回白@2x.png"; sourceTree = "<group>"; };
		6C1DBCC41F5E46CE00F5B975 /* 返回白@3x.png */ = {isa = PBXFileReference; lastKnownFileType = image.png; path = "返回白@3x.png"; sourceTree = "<group>"; };
		6C1DBCC51F5E46CE00F5B975 /* 闪屏@2x.png */ = {isa = PBXFileReference; lastKnownFileType = image.png; path = "闪屏@2x.png"; sourceTree = "<group>"; };
		6C1DBCC61F5E46CE00F5B975 /* 闪屏@3x.png */ = {isa = PBXFileReference; lastKnownFileType = image.png; path = "闪屏@3x.png"; sourceTree = "<group>"; };
		6C1DBCC71F5E46CE00F5B975 /* 闪屏渐变@2x.png */ = {isa = PBXFileReference; lastKnownFileType = image.png; path = "闪屏渐变@2x.png"; sourceTree = "<group>"; };
		6C1DBCC81F5E46CE00F5B975 /* 闪屏渐变@3x.png */ = {isa = PBXFileReference; lastKnownFileType = image.png; path = "闪屏渐变@3x.png"; sourceTree = "<group>"; };
		6C1DBCC91F5E46CE00F5B975 /* 首页加号@2x.png */ = {isa = PBXFileReference; lastKnownFileType = image.png; path = "首页加号@2x.png"; sourceTree = "<group>"; };
		6C1DBCCA1F5E46CE00F5B975 /* 首页加号@3x.png */ = {isa = PBXFileReference; lastKnownFileType = image.png; path = "首页加号@3x.png"; sourceTree = "<group>"; };
		6C1DBCCB1F5E46CE00F5B975 /* 首页回放@2x.png */ = {isa = PBXFileReference; lastKnownFileType = image.png; path = "首页回放@2x.png"; sourceTree = "<group>"; };
		6C1DBCCC1F5E46CE00F5B975 /* 首页回放@3x.png */ = {isa = PBXFileReference; lastKnownFileType = image.png; path = "首页回放@3x.png"; sourceTree = "<group>"; };
		6C1DBCCD1F5E46CE00F5B975 /* 首页播放@2x.png */ = {isa = PBXFileReference; lastKnownFileType = image.png; path = "首页播放@2x.png"; sourceTree = "<group>"; };
		6C1DBCCE1F5E46CE00F5B975 /* 首页播放@3x.png */ = {isa = PBXFileReference; lastKnownFileType = image.png; path = "首页播放@3x.png"; sourceTree = "<group>"; };
		6C1DBCCF1F5E46CE00F5B975 /* 首页暂停@2x.png */ = {isa = PBXFileReference; lastKnownFileType = image.png; path = "首页暂停@2x.png"; sourceTree = "<group>"; };
		6C1DBCD01F5E46CE00F5B975 /* 首页暂停@3x.png */ = {isa = PBXFileReference; lastKnownFileType = image.png; path = "首页暂停@3x.png"; sourceTree = "<group>"; };
		6C1DBCD11F5E46CE00F5B975 /* 首页转换@2x.png */ = {isa = PBXFileReference; lastKnownFileType = image.png; path = "首页转换@2x.png"; sourceTree = "<group>"; };
		6C1DBCD21F5E46CE00F5B975 /* 首页转换@3x.png */ = {isa = PBXFileReference; lastKnownFileType = image.png; path = "首页转换@3x.png"; sourceTree = "<group>"; };
		6C1DBCD31F5E46CE00F5B975 /* 黑返回@2x.png */ = {isa = PBXFileReference; lastKnownFileType = image.png; path = "黑返回@2x.png"; sourceTree = "<group>"; };
		6C1DBCD41F5E46CE00F5B975 /* 黑返回@3x.png */ = {isa = PBXFileReference; lastKnownFileType = image.png; path = "黑返回@3x.png"; sourceTree = "<group>"; };
		6C1DBCD51F5E46CE00F5B975 /* 默认头像@2x.png */ = {isa = PBXFileReference; lastKnownFileType = image.png; path = "默认头像@2x.png"; sourceTree = "<group>"; };
		6C1DBCD61F5E46CE00F5B975 /* 默认头像@3x.png */ = {isa = PBXFileReference; lastKnownFileType = image.png; path = "默认头像@3x.png"; sourceTree = "<group>"; };
		6C1DBD3D1F5E476A00F5B975 /* BaseViewController.h */ = {isa = PBXFileReference; fileEncoding = 4; lastKnownFileType = sourcecode.c.h; path = BaseViewController.h; sourceTree = "<group>"; };
		6C1DBD3E1F5E476A00F5B975 /* BaseViewController.m */ = {isa = PBXFileReference; fileEncoding = 4; lastKnownFileType = sourcecode.c.objc; path = BaseViewController.m; sourceTree = "<group>"; };
		6C1DBD401F5E477E00F5B975 /* CallBackViewController.h */ = {isa = PBXFileReference; fileEncoding = 4; lastKnownFileType = sourcecode.c.h; path = CallBackViewController.h; sourceTree = "<group>"; };
		6C1DBD411F5E477E00F5B975 /* CallBackViewController.m */ = {isa = PBXFileReference; fileEncoding = 4; lastKnownFileType = sourcecode.c.objc; path = CallBackViewController.m; sourceTree = "<group>"; };
		6C1DBD421F5E477E00F5B975 /* CallBackViewController.xib */ = {isa = PBXFileReference; fileEncoding = 4; lastKnownFileType = file.xib; path = CallBackViewController.xib; sourceTree = "<group>"; };
		6C1DBD451F5E50F900F5B975 /* LoignViewController.h */ = {isa = PBXFileReference; fileEncoding = 4; lastKnownFileType = sourcecode.c.h; path = LoignViewController.h; sourceTree = "<group>"; };
		6C1DBD461F5E50F900F5B975 /* LoignViewController.m */ = {isa = PBXFileReference; fileEncoding = 4; lastKnownFileType = sourcecode.c.objc; path = LoignViewController.m; sourceTree = "<group>"; };
		6C1DBD471F5E50F900F5B975 /* LoignViewController.xib */ = {isa = PBXFileReference; fileEncoding = 4; lastKnownFileType = file.xib; path = LoignViewController.xib; sourceTree = "<group>"; };
		6C1DBD4B1F5E57B900F5B975 /* MineViewController.h */ = {isa = PBXFileReference; fileEncoding = 4; lastKnownFileType = sourcecode.c.h; path = MineViewController.h; sourceTree = "<group>"; };
		6C1DBD4C1F5E57B900F5B975 /* MineViewController.m */ = {isa = PBXFileReference; fileEncoding = 4; lastKnownFileType = sourcecode.c.objc; path = MineViewController.m; sourceTree = "<group>"; };
		6C1DBD4D1F5E57B900F5B975 /* MineViewController.xib */ = {isa = PBXFileReference; fileEncoding = 4; lastKnownFileType = file.xib; path = MineViewController.xib; sourceTree = "<group>"; };
		6C1DBD501F5E725800F5B975 /* AbouUsViewController.h */ = {isa = PBXFileReference; fileEncoding = 4; lastKnownFileType = sourcecode.c.h; path = AbouUsViewController.h; sourceTree = "<group>"; };
		6C1DBD511F5E725800F5B975 /* AbouUsViewController.m */ = {isa = PBXFileReference; fileEncoding = 4; lastKnownFileType = sourcecode.c.objc; path = AbouUsViewController.m; sourceTree = "<group>"; };
		6C1DBD521F5E725800F5B975 /* AbouUsViewController.xib */ = {isa = PBXFileReference; fileEncoding = 4; lastKnownFileType = file.xib; path = AbouUsViewController.xib; sourceTree = "<group>"; };
		6C1DBD561F5E769400F5B975 /* MyBabyViewController.h */ = {isa = PBXFileReference; fileEncoding = 4; lastKnownFileType = sourcecode.c.h; path = MyBabyViewController.h; sourceTree = "<group>"; };
		6C1DBD571F5E769400F5B975 /* MyBabyViewController.m */ = {isa = PBXFileReference; fileEncoding = 4; lastKnownFileType = sourcecode.c.objc; path = MyBabyViewController.m; sourceTree = "<group>"; };
		6C1DBD581F5E769400F5B975 /* MyBabyViewController.xib */ = {isa = PBXFileReference; fileEncoding = 4; lastKnownFileType = file.xib; path = MyBabyViewController.xib; sourceTree = "<group>"; };
		6C1DBD5C1F5E79FD00F5B975 /* MyInfoViewController.h */ = {isa = PBXFileReference; fileEncoding = 4; lastKnownFileType = sourcecode.c.h; path = MyInfoViewController.h; sourceTree = "<group>"; };
		6C1DBD5D1F5E79FD00F5B975 /* MyInfoViewController.m */ = {isa = PBXFileReference; fileEncoding = 4; lastKnownFileType = sourcecode.c.objc; path = MyInfoViewController.m; sourceTree = "<group>"; };
		6C1DBD5E1F5E79FD00F5B975 /* MyInfoViewController.xib */ = {isa = PBXFileReference; fileEncoding = 4; lastKnownFileType = file.xib; path = MyInfoViewController.xib; sourceTree = "<group>"; };
		6C1DBD611F5E7A2900F5B975 /* BabyCell.h */ = {isa = PBXFileReference; fileEncoding = 4; lastKnownFileType = sourcecode.c.h; path = BabyCell.h; sourceTree = "<group>"; };
		6C1DBD621F5E7A2900F5B975 /* BabyCell.m */ = {isa = PBXFileReference; fileEncoding = 4; lastKnownFileType = sourcecode.c.objc; path = BabyCell.m; sourceTree = "<group>"; };
		6C1DBD631F5E7A2900F5B975 /* BabyCell.xib */ = {isa = PBXFileReference; fileEncoding = 4; lastKnownFileType = file.xib; path = BabyCell.xib; sourceTree = "<group>"; };
/* End PBXFileReference section */

/* Begin PBXFrameworksBuildPhase section */
		6C1DBC311F5D497700F5B975 /* Frameworks */ = {
			isa = PBXFrameworksBuildPhase;
			buildActionMask = 2147483647;
			files = (
				9A88AAA6E256F73801B0798C /* libPods-mama.a in Frameworks */,
			);
			runOnlyForDeploymentPostprocessing = 0;
		};
/* End PBXFrameworksBuildPhase section */

/* Begin PBXGroup section */
		4A48D0184B42239805E687AA /* Frameworks */ = {
			isa = PBXGroup;
			children = (
				539D3070BF6747521200DB7D /* libPods-mama.a */,
			);
			name = Frameworks;
			sourceTree = "<group>";
		};
		57E811DD0DB495D16F5FF6C1 /* Pods */ = {
			isa = PBXGroup;
			children = (
				58A690C68A9DF126CD5FB3A6 /* Pods-mama.debug.xcconfig */,
				31F05D6CF5F48C698FF53C35 /* Pods-mama.release.xcconfig */,
			);
			name = Pods;
			sourceTree = "<group>";
		};
		6C1DBC2B1F5D497700F5B975 = {
			isa = PBXGroup;
			children = (
				6C1DBC361F5D497700F5B975 /* mama */,
				6C1DBC351F5D497700F5B975 /* Products */,
				57E811DD0DB495D16F5FF6C1 /* Pods */,
				4A48D0184B42239805E687AA /* Frameworks */,
			);
			sourceTree = "<group>";
		};
		6C1DBC351F5D497700F5B975 /* Products */ = {
			isa = PBXGroup;
			children = (
				6C1DBC341F5D497700F5B975 /* mama.app */,
			);
			name = Products;
			sourceTree = "<group>";
		};
		6C1DBC361F5D497700F5B975 /* mama */ = {
			isa = PBXGroup;
			children = (
				6C1DBC3A1F5D497700F5B975 /* AppDelegate.h */,
				6C1DBC3B1F5D497700F5B975 /* AppDelegate.m */,
				6C1DBD5B1F5E79EC00F5B975 /* MyBaby */,
				6C1DBD551F5E767F00F5B975 /* addBaby */,
				6C1DBD3B1F5E473700F5B975 /* account */,
				6C1DBD3A1F5E473400F5B975 /* Base */,
				6C1DBD391F5E473000F5B975 /* Mine */,
				6C1DBC4E1F5D49BC00F5B975 /* Main */,
				6C1DBC431F5D497700F5B975 /* Assets.xcassets */,
				6C1DBC451F5D497700F5B975 /* LaunchScreen.storyboard */,
				6C1DBC481F5D497700F5B975 /* Info.plist */,
				6C1DBC371F5D497700F5B975 /* Supporting Files */,
			);
			path = mama;
			sourceTree = "<group>";
		};
		6C1DBC371F5D497700F5B975 /* Supporting Files */ = {
			isa = PBXGroup;
			children = (
				6C1DBC741F5E46CE00F5B975 /* image */,
				6C1DBC381F5D497700F5B975 /* main.m */,
				6C1DBC731F5D4A4D00F5B975 /* PrefixHeader.pch */,
			);
			name = "Supporting Files";
			sourceTree = "<group>";
		};
		6C1DBC4E1F5D49BC00F5B975 /* Main */ = {
			isa = PBXGroup;
			children = (
				6C1DBC5F1F5D49BC00F5B975 /* MainViewController.h */,
				6C1DBC601F5D49BC00F5B975 /* MainViewController.m */,
				6C1DBC611F5D49BC00F5B975 /* MainViewController.xib */,
				6C1DBC501F5D49BC00F5B975 /* MainFootView.h */,
				6C1DBC511F5D49BC00F5B975 /* MainFootView.m */,
				6C1DBC521F5D49BC00F5B975 /* MainFootView.xib */,
				6C1DBC531F5D49BC00F5B975 /* MainHeaderCell.h */,
				6C1DBC541F5D49BC00F5B975 /* MainHeaderCell.m */,
				6C1DBC551F5D49BC00F5B975 /* MainHeaderCell.xib */,
				6C1DBC561F5D49BC00F5B975 /* MainSecondCell.h */,
				6C1DBC571F5D49BC00F5B975 /* MainSecondCell.m */,
				6C1DBC581F5D49BC00F5B975 /* MainSecondCell.xib */,
				6C1DBC591F5D49BC00F5B975 /* MainTabHeadView.h */,
				6C1DBC5A1F5D49BC00F5B975 /* MainTabHeadView.m */,
				6C1DBC5B1F5D49BC00F5B975 /* MainTabHeadView.xib */,
				6C1DBC5C1F5D49BC00F5B975 /* MainThirdCell.h */,
				6C1DBC5D1F5D49BC00F5B975 /* MainThirdCell.m */,
				6C1DBC5E1F5D49BC00F5B975 /* MainThirdCell.xib */,
				6C1DBC621F5D49BC00F5B975 /* PrefixHeader.pch */,
				6C1DBC631F5D49BC00F5B975 /* UserModel.h */,
				6C1DBC641F5D49BC00F5B975 /* UserModel.m */,
			);
			path = Main;
			sourceTree = "<group>";
		};
		6C1DBC741F5E46CE00F5B975 /* image */ = {
			isa = PBXGroup;
			children = (
				6C1DBC751F5E46CE00F5B975 /* qq@2x.png */,
				6C1DBC761F5E46CE00F5B975 /* qq@3x.png */,
				6C1DBC771F5E46CE00F5B975 /* 不知道-拷贝@2x.png */,
				6C1DBC781F5E46CE00F5B975 /* 不知道-拷贝@3x.png */,
				6C1DBC791F5E46CE00F5B975 /* 不知道@2x.png */,
				6C1DBC7A1F5E46CE00F5B975 /* 不知道@3x.png */,
				6C1DBC7B1F5E46CE00F5B975 /* 书@2x.png */,
				6C1DBC7C1F5E46CE00F5B975 /* 书@3x.png */,
				6C1DBC7D1F5E46CE00F5B975 /* 位置@2x.png */,
				6C1DBC7E1F5E46CE00F5B975 /* 位置@3x.png */,
				6C1DBC7F1F5E46CE00F5B975 /* 关于我们@2x.png */,
				6C1DBC801F5E46CE00F5B975 /* 关于我们@3x.png */,
				6C1DBC811F5E46CE00F5B975 /* 关闭抽屉@2x.png */,
				6C1DBC821F5E46CE00F5B975 /* 关闭抽屉@3x.png */,
				6C1DBC831F5E46CE00F5B975 /* 分享@2x.png */,
				6C1DBC841F5E46CE00F5B975 /* 分享@3x.png */,
				6C1DBC851F5E46CE00F5B975 /* 切换小@2x.png */,
				6C1DBC861F5E46CE00F5B975 /* 切换小@3x.png */,
				6C1DBC871F5E46CE00F5B975 /* 大屏@2x.png */,
				6C1DBC881F5E46CE00F5B975 /* 大屏@3x.png */,
				6C1DBC891F5E46CE00F5B975 /* 头像框@2x.png */,
				6C1DBC8A1F5E46CE00F5B975 /* 头像框@3x.png */,
				6C1DBC8B1F5E46CE00F5B975 /* 女性@2x.png */,
				6C1DBC8C1F5E46CE00F5B975 /* 女性@3x.png */,
				6C1DBC8D1F5E46CE00F5B975 /* 孕妇资料背景@2x.png */,
				6C1DBC8E1F5E46CE00F5B975 /* 孕妇资料背景@3x.png */,
				6C1DBC8F1F5E46CE00F5B975 /* 小屏@2x.png */,
				6C1DBC901F5E46CE00F5B975 /* 小屏@3x.png */,
				6C1DBC911F5E46CE00F5B975 /* 微信@2x.png */,
				6C1DBC921F5E46CE00F5B975 /* 微信@3x.png */,
				6C1DBC931F5E46CE00F5B975 /* 微博@2x.png */,
				6C1DBC941F5E46CE00F5B975 /* 微博@3x.png */,
				6C1DBC951F5E46CE00F5B975 /* 怀孕@3x.jpg */,
				6C1DBC961F5E46CE00F5B975 /* 怀孕文案@2x.png */,
				6C1DBC971F5E46CE00F5B975 /* 怀孕文案@3x.png */,
				6C1DBC981F5E46CE00F5B975 /* 意见反馈背景@2x.png */,
				6C1DBC991F5E46CE00F5B975 /* 意见反馈背景@3x.png */,
				6C1DBC9A1F5E46CE00F5B975 /* 抽屉@2x.png */,
				6C1DBC9B1F5E46CE00F5B975 /* 抽屉@3x.png */,
				6C1DBC9C1F5E46CE00F5B975 /* 搜索@2x.png */,
				6C1DBC9D1F5E46CE00F5B975 /* 搜索@3x.png */,
				6C1DBC9E1F5E46CE00F5B975 /* 搜索关闭@2x.png */,
				6C1DBC9F1F5E46CE00F5B975 /* 搜索关闭@3x.png */,
				6C1DBCA01F5E46CE00F5B975 /* 播放@2x.png */,
				6C1DBCA11F5E46CE00F5B975 /* 播放@3x.png */,
				6C1DBCA21F5E46CE00F5B975 /* 新消息@2x.png */,
				6C1DBCA31F5E46CE00F5B975 /* 新消息@3x.png */,
				6C1DBCA41F5E46CE00F5B975 /* 暂停@2x.png */,
				6C1DBCA51F5E46CE00F5B975 /* 暂停@3x.png */,
				6C1DBCA61F5E46CE00F5B975 /* 未选性别@2x.png */,
				6C1DBCA71F5E46CE00F5B975 /* 未选性别@3x.png */,
				6C1DBCA81F5E46CE00F5B975 /* 添加头像@2x.png */,
				6C1DBCA91F5E46CE00F5B975 /* 添加头像@3x.png */,
				6C1DBCAA1F5E46CE00F5B975 /* 男性@2x.png */,
				6C1DBCAB1F5E46CE00F5B975 /* 男性@3x.png */,
				6C1DBCAC1F5E46CE00F5B975 /* 登录背景@2x.png */,
				6C1DBCAD1F5E46CE00F5B975 /* 登录背景@3x.png */,
				6C1DBCAE1F5E46CE00F5B975 /* 白色滑块@2x.png */,
				6C1DBCAF1F5E46CE00F5B975 /* 白色滑块@3x.png */,
				6C1DBCB01F5E46CE00F5B975 /* 知识tab@2x.png */,
				6C1DBCB11F5E46CE00F5B975 /* 知识tab@3x.png */,
				6C1DBCB21F5E46CE00F5B975 /* 知道-拷贝@2x.png */,
				6C1DBCB31F5E46CE00F5B975 /* 知道-拷贝@3x.png */,
				6C1DBCB41F5E46CE00F5B975 /* 知道@2x.png */,
				6C1DBCB51F5E46CE00F5B975 /* 知道@3x.png */,
				6C1DBCB61F5E46CE00F5B975 /* 立即开启@2x.png */,
				6C1DBCB71F5E46CE00F5B975 /* 立即开启@3x.png */,
				6C1DBCB81F5E46CE00F5B975 /* 立即开启点下@2x.png */,
				6C1DBCB91F5E46CE00F5B975 /* 立即开启点下@3x.png */,
				6C1DBCBA1F5E46CE00F5B975 /* 缺省@2x.png */,
				6C1DBCBB1F5E46CE00F5B975 /* 缺省@3x.png */,
				6C1DBCBC1F5E46CE00F5B975 /* 育儿@3x.jpg */,
				6C1DBCBD1F5E46CE00F5B975 /* 育儿文案@2x.png */,
				6C1DBCBE1F5E46CE00F5B975 /* 育儿文案@3x.png */,
				6C1DBCBF1F5E46CE00F5B975 /* 背景@2x.png */,
				6C1DBCC01F5E46CE00F5B975 /* 背景@3x.png */,
				6C1DBCC11F5E46CE00F5B975 /* 购买按钮@2x.png */,
				6C1DBCC21F5E46CE00F5B975 /* 购买按钮@3x.png */,
				6C1DBCC31F5E46CE00F5B975 /* 返回白@2x.png */,
				6C1DBCC41F5E46CE00F5B975 /* 返回白@3x.png */,
				6C1DBCC51F5E46CE00F5B975 /* 闪屏@2x.png */,
				6C1DBCC61F5E46CE00F5B975 /* 闪屏@3x.png */,
				6C1DBCC71F5E46CE00F5B975 /* 闪屏渐变@2x.png */,
				6C1DBCC81F5E46CE00F5B975 /* 闪屏渐变@3x.png */,
				6C1DBCC91F5E46CE00F5B975 /* 首页加号@2x.png */,
				6C1DBCCA1F5E46CE00F5B975 /* 首页加号@3x.png */,
				6C1DBCCB1F5E46CE00F5B975 /* 首页回放@2x.png */,
				6C1DBCCC1F5E46CE00F5B975 /* 首页回放@3x.png */,
				6C1DBCCD1F5E46CE00F5B975 /* 首页播放@2x.png */,
				6C1DBCCE1F5E46CE00F5B975 /* 首页播放@3x.png */,
				6C1DBCCF1F5E46CE00F5B975 /* 首页暂停@2x.png */,
				6C1DBCD01F5E46CE00F5B975 /* 首页暂停@3x.png */,
				6C1DBCD11F5E46CE00F5B975 /* 首页转换@2x.png */,
				6C1DBCD21F5E46CE00F5B975 /* 首页转换@3x.png */,
				6C1DBCD31F5E46CE00F5B975 /* 黑返回@2x.png */,
				6C1DBCD41F5E46CE00F5B975 /* 黑返回@3x.png */,
				6C1DBCD51F5E46CE00F5B975 /* 默认头像@2x.png */,
				6C1DBCD61F5E46CE00F5B975 /* 默认头像@3x.png */,
			);
			path = image;
			sourceTree = "<group>";
		};
		6C1DBD391F5E473000F5B975 /* Mine */ = {
			isa = PBXGroup;
			children = (
				6C1DBD4A1F5E57AC00F5B975 /* Mine */,
				6C1DBD3C1F5E474600F5B975 /* CallBack */,
			);
			name = Mine;
			sourceTree = "<group>";
		};
		6C1DBD3A1F5E473400F5B975 /* Base */ = {
			isa = PBXGroup;
			children = (
				6C1DBD3D1F5E476A00F5B975 /* BaseViewController.h */,
				6C1DBD3E1F5E476A00F5B975 /* BaseViewController.m */,
			);
			name = Base;
			sourceTree = "<group>";
		};
		6C1DBD3B1F5E473700F5B975 /* account */ = {
			isa = PBXGroup;
			children = (
				6C1DBD451F5E50F900F5B975 /* LoignViewController.h */,
				6C1DBD461F5E50F900F5B975 /* LoignViewController.m */,
				6C1DBD471F5E50F900F5B975 /* LoignViewController.xib */,
			);
			name = account;
			sourceTree = "<group>";
		};
		6C1DBD3C1F5E474600F5B975 /* CallBack */ = {
			isa = PBXGroup;
			children = (
				6C1DBD401F5E477E00F5B975 /* CallBackViewController.h */,
				6C1DBD411F5E477E00F5B975 /* CallBackViewController.m */,
				6C1DBD421F5E477E00F5B975 /* CallBackViewController.xib */,
				6C1DBD501F5E725800F5B975 /* AbouUsViewController.h */,
				6C1DBD511F5E725800F5B975 /* AbouUsViewController.m */,
				6C1DBD521F5E725800F5B975 /* AbouUsViewController.xib */,
			);
			name = CallBack;
			sourceTree = "<group>";
		};
		6C1DBD4A1F5E57AC00F5B975 /* Mine */ = {
			isa = PBXGroup;
			children = (
				6C1DBD4B1F5E57B900F5B975 /* MineViewController.h */,
				6C1DBD4C1F5E57B900F5B975 /* MineViewController.m */,
				6C1DBD4D1F5E57B900F5B975 /* MineViewController.xib */,
			);
			name = Mine;
			sourceTree = "<group>";
		};
		6C1DBD551F5E767F00F5B975 /* addBaby */ = {
			isa = PBXGroup;
			children = (
				6C1DBD561F5E769400F5B975 /* MyBabyViewController.h */,
				6C1DBD571F5E769400F5B975 /* MyBabyViewController.m */,
				6C1DBD581F5E769400F5B975 /* MyBabyViewController.xib */,
			);
			name = addBaby;
			sourceTree = "<group>";
		};
		6C1DBD5B1F5E79EC00F5B975 /* MyBaby */ = {
			isa = PBXGroup;
			children = (
				6C1DBD5C1F5E79FD00F5B975 /* MyInfoViewController.h */,
				6C1DBD5D1F5E79FD00F5B975 /* MyInfoViewController.m */,
				6C1DBD5E1F5E79FD00F5B975 /* MyInfoViewController.xib */,
				6C1DBD611F5E7A2900F5B975 /* BabyCell.h */,
				6C1DBD621F5E7A2900F5B975 /* BabyCell.m */,
				6C1DBD631F5E7A2900F5B975 /* BabyCell.xib */,
			);
			name = MyBaby;
			sourceTree = "<group>";
		};
/* End PBXGroup section */

/* Begin PBXNativeTarget section */
		6C1DBC331F5D497700F5B975 /* mama */ = {
			isa = PBXNativeTarget;
			buildConfigurationList = 6C1DBC4B1F5D497700F5B975 /* Build configuration list for PBXNativeTarget "mama" */;
			buildPhases = (
				E659EBE2D0B9033FCAF4B291 /* [CP] Check Pods Manifest.lock */,
				6C1DBC301F5D497700F5B975 /* Sources */,
				6C1DBC311F5D497700F5B975 /* Frameworks */,
				6C1DBC321F5D497700F5B975 /* Resources */,
				6D628A31EEF25A1A18CEB79C /* [CP] Embed Pods Frameworks */,
				246D2E45230202931A298AEA /* [CP] Copy Pods Resources */,
			);
			buildRules = (
			);
			dependencies = (
			);
			name = mama;
			productName = mama;
			productReference = 6C1DBC341F5D497700F5B975 /* mama.app */;
			productType = "com.apple.product-type.application";
		};
/* End PBXNativeTarget section */

/* Begin PBXProject section */
		6C1DBC2C1F5D497700F5B975 /* Project object */ = {
			isa = PBXProject;
			attributes = {
				LastUpgradeCheck = 0830;
				ORGANIZATIONNAME = "-call Me WeiXing";
				TargetAttributes = {
					6C1DBC331F5D497700F5B975 = {
						CreatedOnToolsVersion = 8.3.3;
						DevelopmentTeam = AZ8E9LFA87;
						ProvisioningStyle = Automatic;
					};
				};
			};
			buildConfigurationList = 6C1DBC2F1F5D497700F5B975 /* Build configuration list for PBXProject "mama" */;
			compatibilityVersion = "Xcode 3.2";
			developmentRegion = English;
			hasScannedForEncodings = 0;
			knownRegions = (
				en,
				Base,
			);
			mainGroup = 6C1DBC2B1F5D497700F5B975;
			productRefGroup = 6C1DBC351F5D497700F5B975 /* Products */;
			projectDirPath = "";
			projectRoot = "";
			targets = (
				6C1DBC331F5D497700F5B975 /* mama */,
			);
		};
/* End PBXProject section */

/* Begin PBXResourcesBuildPhase section */
		6C1DBC321F5D497700F5B975 /* Resources */ = {
			isa = PBXResourcesBuildPhase;
			buildActionMask = 2147483647;
			files = (
				6C1DBD291F5E46CE00F5B975 /* 闪屏渐变@2x.png in Resources */,
				6C1DBCFC1F5E46CE00F5B975 /* 抽屉@2x.png in Resources */,
				6C1DBD4F1F5E57B900F5B975 /* MineViewController.xib in Resources */,
				6C1DBCE61F5E46CE00F5B975 /* 分享@3x.png in Resources */,
				6C1DBD211F5E46CE00F5B975 /* 背景@2x.png in Resources */,
				6C1DBCF31F5E46CE00F5B975 /* 微信@2x.png in Resources */,
				6C1DBD091F5E46CE00F5B975 /* 未选性别@3x.png in Resources */,
				6C1DBD311F5E46CE00F5B975 /* 首页暂停@2x.png in Resources */,
				6C1DBCEE1F5E46CE00F5B975 /* 女性@3x.png in Resources */,
				6C1DBD061F5E46CE00F5B975 /* 暂停@2x.png in Resources */,
				6C1DBD601F5E79FD00F5B975 /* MyInfoViewController.xib in Resources */,
				6C1DBD0D1F5E46CE00F5B975 /* 男性@3x.png in Resources */,
				6C1DBCE71F5E46CE00F5B975 /* 切换小@2x.png in Resources */,
				6C1DBCEF1F5E46CE00F5B975 /* 孕妇资料背景@2x.png in Resources */,
				6C1DBD181F5E46CE00F5B975 /* 立即开启@2x.png in Resources */,
				6C1DBD1F1F5E46CE00F5B975 /* 育儿文案@2x.png in Resources */,
				6C1DBC671F5D49BC00F5B975 /* MainFootView.xib in Resources */,
				6C1DBCF21F5E46CE00F5B975 /* 小屏@3x.png in Resources */,
				6C1DBD071F5E46CE00F5B975 /* 暂停@3x.png in Resources */,
				6C1DBC691F5D49BC00F5B975 /* MainHeaderCell.xib in Resources */,
				6C1DBD021F5E46CE00F5B975 /* 播放@2x.png in Resources */,
				6C1DBCD91F5E46CE00F5B975 /* 不知道-拷贝@2x.png in Resources */,
				6C1DBD231F5E46CE00F5B975 /* 购买按钮@2x.png in Resources */,
				6C1DBCE21F5E46CE00F5B975 /* 关于我们@3x.png in Resources */,
				6C1DBD1D1F5E46CE00F5B975 /* 缺省@3x.png in Resources */,
				6C1DBCE81F5E46CE00F5B975 /* 切换小@3x.png in Resources */,
				6C1DBD281F5E46CE00F5B975 /* 闪屏@3x.png in Resources */,
				6C1DBC6F1F5D49BC00F5B975 /* MainThirdCell.xib in Resources */,
				6C1DBCF81F5E46CE00F5B975 /* 怀孕文案@2x.png in Resources */,
				6C1DBD361F5E46CE00F5B975 /* 黑返回@3x.png in Resources */,
				6C1DBD011F5E46CE00F5B975 /* 搜索关闭@3x.png in Resources */,
				6C1DBD201F5E46CE00F5B975 /* 育儿文案@3x.png in Resources */,
				6C1DBC711F5D49BC00F5B975 /* MainViewController.xib in Resources */,
				6C1DBCF01F5E46CE00F5B975 /* 孕妇资料背景@3x.png in Resources */,
				6C1DBD131F5E46CE00F5B975 /* 知识tab@3x.png in Resources */,
				6C1DBCF91F5E46CE00F5B975 /* 怀孕文案@3x.png in Resources */,
				6C1DBD031F5E46CE00F5B975 /* 播放@3x.png in Resources */,
				6C1DBD261F5E46CE00F5B975 /* 返回白@3x.png in Resources */,
				6C1DBCFD1F5E46CE00F5B975 /* 抽屉@3x.png in Resources */,
				6C1DBCED1F5E46CE00F5B975 /* 女性@2x.png in Resources */,
				6C1DBCE51F5E46CE00F5B975 /* 分享@2x.png in Resources */,
				6C1DBCE91F5E46CE00F5B975 /* 大屏@2x.png in Resources */,
				6C1DBCDB1F5E46CE00F5B975 /* 不知道@2x.png in Resources */,
				6C1DBCDA1F5E46CE00F5B975 /* 不知道-拷贝@3x.png in Resources */,
				6C1DBD271F5E46CE00F5B975 /* 闪屏@2x.png in Resources */,
				6C1DBCDF1F5E46CE00F5B975 /* 位置@2x.png in Resources */,
				6C1DBCF41F5E46CE00F5B975 /* 微信@3x.png in Resources */,
				6C1DBD301F5E46CE00F5B975 /* 首页播放@3x.png in Resources */,
				6C1DBC471F5D497700F5B975 /* LaunchScreen.storyboard in Resources */,
				6C1DBCE11F5E46CE00F5B975 /* 关于我们@2x.png in Resources */,
				6C1DBCD81F5E46CE00F5B975 /* qq@3x.png in Resources */,
				6C1DBD081F5E46CE00F5B975 /* 未选性别@2x.png in Resources */,
				6C1DBD001F5E46CE00F5B975 /* 搜索关闭@2x.png in Resources */,
				6C1DBD321F5E46CE00F5B975 /* 首页暂停@3x.png in Resources */,
				6C1DBD441F5E477E00F5B975 /* CallBackViewController.xib in Resources */,
				6C1DBD2E1F5E46CE00F5B975 /* 首页回放@3x.png in Resources */,
				6C1DBCE31F5E46CE00F5B975 /* 关闭抽屉@2x.png in Resources */,
				6C1DBD0F1F5E46CE00F5B975 /* 登录背景@3x.png in Resources */,
				6C1DBD2A1F5E46CE00F5B975 /* 闪屏渐变@3x.png in Resources */,
				6C1DBCD71F5E46CE00F5B975 /* qq@2x.png in Resources */,
				6C1DBD171F5E46CE00F5B975 /* 知道@3x.png in Resources */,
				6C1DBD1C1F5E46CE00F5B975 /* 缺省@2x.png in Resources */,
				6C1DBD541F5E725800F5B975 /* AbouUsViewController.xib in Resources */,
				6C1DBD331F5E46CE00F5B975 /* 首页转换@2x.png in Resources */,
				6C1DBD5A1F5E769400F5B975 /* MyBabyViewController.xib in Resources */,
				6C1DBD191F5E46CE00F5B975 /* 立即开启@3x.png in Resources */,
				6C1DBD651F5E7A2900F5B975 /* BabyCell.xib in Resources */,
				6C1DBCF51F5E46CE00F5B975 /* 微博@2x.png in Resources */,
				6C1DBCF11F5E46CE00F5B975 /* 小屏@2x.png in Resources */,
				6C1DBC6D1F5D49BC00F5B975 /* MainTabHeadView.xib in Resources */,
				6C1DBD371F5E46CE00F5B975 /* 默认头像@2x.png in Resources */,
				6C1DBCEB1F5E46CE00F5B975 /* 头像框@2x.png in Resources */,
				6C1DBD341F5E46CE00F5B975 /* 首页转换@3x.png in Resources */,
				6C1DBCEC1F5E46CE00F5B975 /* 头像框@3x.png in Resources */,
				6C1DBD161F5E46CE00F5B975 /* 知道@2x.png in Resources */,
				6C1DBCFB1F5E46CE00F5B975 /* 意见反馈背景@3x.png in Resources */,
				6C1DBCFE1F5E46CE00F5B975 /* 搜索@2x.png in Resources */,
				6C1DBD351F5E46CE00F5B975 /* 黑返回@2x.png in Resources */,
				6C1DBD141F5E46CE00F5B975 /* 知道-拷贝@2x.png in Resources */,
				6C1DBD221F5E46CE00F5B975 /* 背景@3x.png in Resources */,
				6C1DBD121F5E46CE00F5B975 /* 知识tab@2x.png in Resources */,
				6C1DBCF61F5E46CE00F5B975 /* 微博@3x.png in Resources */,
				6C1DBC441F5D497700F5B975 /* Assets.xcassets in Resources */,
				6C1DBCFF1F5E46CE00F5B975 /* 搜索@3x.png in Resources */,
				6C1DBD051F5E46CE00F5B975 /* 新消息@3x.png in Resources */,
				6C1DBD101F5E46CE00F5B975 /* 白色滑块@2x.png in Resources */,
				6C1DBD151F5E46CE00F5B975 /* 知道-拷贝@3x.png in Resources */,
				6C1DBCEA1F5E46CE00F5B975 /* 大屏@3x.png in Resources */,
				6C1DBD0E1F5E46CE00F5B975 /* 登录背景@2x.png in Resources */,
				6C1DBCDE1F5E46CE00F5B975 /* 书@3x.png in Resources */,
				6C1DBD1A1F5E46CE00F5B975 /* 立即开启点下@2x.png in Resources */,
				6C1DBD241F5E46CE00F5B975 /* 购买按钮@3x.png in Resources */,
				6C1DBD041F5E46CE00F5B975 /* 新消息@2x.png in Resources */,
				6C1DBD1B1F5E46CE00F5B975 /* 立即开启点下@3x.png in Resources */,
				6C1DBD1E1F5E46CE00F5B975 /* 育儿@3x.jpg in Resources */,
				6C1DBD0C1F5E46CE00F5B975 /* 男性@2x.png in Resources */,
				6C1DBCE01F5E46CE00F5B975 /* 位置@3x.png in Resources */,
				6C1DBD2D1F5E46CE00F5B975 /* 首页回放@2x.png in Resources */,
				6C1DBD2B1F5E46CE00F5B975 /* 首页加号@2x.png in Resources */,
				6C1DBCDD1F5E46CE00F5B975 /* 书@2x.png in Resources */,
				6C1DBD2F1F5E46CE00F5B975 /* 首页播放@2x.png in Resources */,
				6C1DBD491F5E50F900F5B975 /* LoignViewController.xib in Resources */,
				6C1DBD0B1F5E46CE00F5B975 /* 添加头像@3x.png in Resources */,
				6C1DBCE41F5E46CE00F5B975 /* 关闭抽屉@3x.png in Resources */,
				6C1DBC6B1F5D49BC00F5B975 /* MainSecondCell.xib in Resources */,
				6C1DBD381F5E46CE00F5B975 /* 默认头像@3x.png in Resources */,
				6C1DBCDC1F5E46CE00F5B975 /* 不知道@3x.png in Resources */,
				6C1DBCFA1F5E46CE00F5B975 /* 意见反馈背景@2x.png in Resources */,
				6C1DBD251F5E46CE00F5B975 /* 返回白@2x.png in Resources */,
				6C1DBD111F5E46CE00F5B975 /* 白色滑块@3x.png in Resources */,
				6C1DBD2C1F5E46CE00F5B975 /* 首页加号@3x.png in Resources */,
				6C1DBD0A1F5E46CE00F5B975 /* 添加头像@2x.png in Resources */,
				6C1DBCF71F5E46CE00F5B975 /* 怀孕@3x.jpg in Resources */,
			);
			runOnlyForDeploymentPostprocessing = 0;
		};
/* End PBXResourcesBuildPhase section */

/* Begin PBXShellScriptBuildPhase section */
		246D2E45230202931A298AEA /* [CP] Copy Pods Resources */ = {
			isa = PBXShellScriptBuildPhase;
			buildActionMask = 2147483647;
			files = (
			);
			inputPaths = (
			);
			name = "[CP] Copy Pods Resources";
			outputPaths = (
			);
			runOnlyForDeploymentPostprocessing = 0;
			shellPath = /bin/sh;
			shellScript = "\"${SRCROOT}/Pods/Target Support Files/Pods-mama/Pods-mama-resources.sh\"\n";
			showEnvVarsInLog = 0;
		};
		6D628A31EEF25A1A18CEB79C /* [CP] Embed Pods Frameworks */ = {
			isa = PBXShellScriptBuildPhase;
			buildActionMask = 2147483647;
			files = (
			);
			inputPaths = (
			);
			name = "[CP] Embed Pods Frameworks";
			outputPaths = (
			);
			runOnlyForDeploymentPostprocessing = 0;
			shellPath = /bin/sh;
			shellScript = "\"${SRCROOT}/Pods/Target Support Files/Pods-mama/Pods-mama-frameworks.sh\"\n";
			showEnvVarsInLog = 0;
		};
		E659EBE2D0B9033FCAF4B291 /* [CP] Check Pods Manifest.lock */ = {
			isa = PBXShellScriptBuildPhase;
			buildActionMask = 2147483647;
			files = (
			);
			inputPaths = (
			);
			name = "[CP] Check Pods Manifest.lock";
			outputPaths = (
			);
			runOnlyForDeploymentPostprocessing = 0;
			shellPath = /bin/sh;
			shellScript = "diff \"${PODS_PODFILE_DIR_PATH}/Podfile.lock\" \"${PODS_ROOT}/Manifest.lock\" > /dev/null\nif [ $? != 0 ] ; then\n    # print error to STDERR\n    echo \"error: The sandbox is not in sync with the Podfile.lock. Run 'pod install' or update your CocoaPods installation.\" >&2\n    exit 1\nfi\n";
			showEnvVarsInLog = 0;
		};
/* End PBXShellScriptBuildPhase section */

/* Begin PBXSourcesBuildPhase section */
		6C1DBC301F5D497700F5B975 /* Sources */ = {
			isa = PBXSourcesBuildPhase;
			buildActionMask = 2147483647;
			files = (
				6C1DBD481F5E50F900F5B975 /* LoignViewController.m in Sources */,
				6C1DBC6A1F5D49BC00F5B975 /* MainSecondCell.m in Sources */,
				6C1DBD5F1F5E79FD00F5B975 /* MyInfoViewController.m in Sources */,
				6C1DBD4E1F5E57B900F5B975 /* MineViewController.m in Sources */,
				6C1DBD3F1F5E476A00F5B975 /* BaseViewController.m in Sources */,
				6C1DBC681F5D49BC00F5B975 /* MainHeaderCell.m in Sources */,
				6C1DBC6E1F5D49BC00F5B975 /* MainThirdCell.m in Sources */,
				6C1DBC6C1F5D49BC00F5B975 /* MainTabHeadView.m in Sources */,
				6C1DBD531F5E725800F5B975 /* AbouUsViewController.m in Sources */,
				6C1DBC701F5D49BC00F5B975 /* MainViewController.m in Sources */,
				6C1DBC3C1F5D497700F5B975 /* AppDelegate.m in Sources */,
				6C1DBD591F5E769400F5B975 /* MyBabyViewController.m in Sources */,
				6C1DBC721F5D49BC00F5B975 /* UserModel.m in Sources */,
				6C1DBD431F5E477E00F5B975 /* CallBackViewController.m in Sources */,
				6C1DBC661F5D49BC00F5B975 /* MainFootView.m in Sources */,
				6C1DBD641F5E7A2900F5B975 /* BabyCell.m in Sources */,
				6C1DBC391F5D497700F5B975 /* main.m in Sources */,
			);
			runOnlyForDeploymentPostprocessing = 0;
		};
/* End PBXSourcesBuildPhase section */

/* Begin PBXVariantGroup section */
		6C1DBC451F5D497700F5B975 /* LaunchScreen.storyboard */ = {
			isa = PBXVariantGroup;
			children = (
				6C1DBC461F5D497700F5B975 /* Base */,
			);
			name = LaunchScreen.storyboard;
			sourceTree = "<group>";
		};
/* End PBXVariantGroup section */

/* Begin XCBuildConfiguration section */
		6C1DBC491F5D497700F5B975 /* Debug */ = {
			isa = XCBuildConfiguration;
			buildSettings = {
				ALWAYS_SEARCH_USER_PATHS = NO;
				CLANG_ANALYZER_NONNULL = YES;
				CLANG_ANALYZER_NUMBER_OBJECT_CONVERSION = YES_AGGRESSIVE;
				CLANG_CXX_LANGUAGE_STANDARD = "gnu++0x";
				CLANG_CXX_LIBRARY = "libc++";
				CLANG_ENABLE_MODULES = YES;
				CLANG_ENABLE_OBJC_ARC = YES;
				CLANG_WARN_BOOL_CONVERSION = YES;
				CLANG_WARN_CONSTANT_CONVERSION = YES;
				CLANG_WARN_DIRECT_OBJC_ISA_USAGE = YES_ERROR;
				CLANG_WARN_DOCUMENTATION_COMMENTS = YES;
				CLANG_WARN_EMPTY_BODY = YES;
				CLANG_WARN_ENUM_CONVERSION = YES;
				CLANG_WARN_INFINITE_RECURSION = YES;
				CLANG_WARN_INT_CONVERSION = YES;
				CLANG_WARN_OBJC_ROOT_CLASS = YES_ERROR;
				CLANG_WARN_SUSPICIOUS_MOVE = YES;
				CLANG_WARN_UNREACHABLE_CODE = YES;
				CLANG_WARN__DUPLICATE_METHOD_MATCH = YES;
				"CODE_SIGN_IDENTITY[sdk=iphoneos*]" = "iPhone Developer";
				COPY_PHASE_STRIP = NO;
				DEBUG_INFORMATION_FORMAT = dwarf;
				ENABLE_STRICT_OBJC_MSGSEND = YES;
				ENABLE_TESTABILITY = YES;
				GCC_C_LANGUAGE_STANDARD = gnu99;
				GCC_DYNAMIC_NO_PIC = NO;
				GCC_NO_COMMON_BLOCKS = YES;
				GCC_OPTIMIZATION_LEVEL = 0;
				GCC_PREPROCESSOR_DEFINITIONS = (
					"DEBUG=1",
					"$(inherited)",
				);
				GCC_WARN_64_TO_32_BIT_CONVERSION = YES;
				GCC_WARN_ABOUT_RETURN_TYPE = YES_ERROR;
				GCC_WARN_UNDECLARED_SELECTOR = YES;
				GCC_WARN_UNINITIALIZED_AUTOS = YES_AGGRESSIVE;
				GCC_WARN_UNUSED_FUNCTION = YES;
				GCC_WARN_UNUSED_VARIABLE = YES;
				IPHONEOS_DEPLOYMENT_TARGET = 10.3;
				MTL_ENABLE_DEBUG_INFO = YES;
				ONLY_ACTIVE_ARCH = YES;
				SDKROOT = iphoneos;
			};
			name = Debug;
		};
		6C1DBC4A1F5D497700F5B975 /* Release */ = {
			isa = XCBuildConfiguration;
			buildSettings = {
				ALWAYS_SEARCH_USER_PATHS = NO;
				CLANG_ANALYZER_NONNULL = YES;
				CLANG_ANALYZER_NUMBER_OBJECT_CONVERSION = YES_AGGRESSIVE;
				CLANG_CXX_LANGUAGE_STANDARD = "gnu++0x";
				CLANG_CXX_LIBRARY = "libc++";
				CLANG_ENABLE_MODULES = YES;
				CLANG_ENABLE_OBJC_ARC = YES;
				CLANG_WARN_BOOL_CONVERSION = YES;
				CLANG_WARN_CONSTANT_CONVERSION = YES;
				CLANG_WARN_DIRECT_OBJC_ISA_USAGE = YES_ERROR;
				CLANG_WARN_DOCUMENTATION_COMMENTS = YES;
				CLANG_WARN_EMPTY_BODY = YES;
				CLANG_WARN_ENUM_CONVERSION = YES;
				CLANG_WARN_INFINITE_RECURSION = YES;
				CLANG_WARN_INT_CONVERSION = YES;
				CLANG_WARN_OBJC_ROOT_CLASS = YES_ERROR;
				CLANG_WARN_SUSPICIOUS_MOVE = YES;
				CLANG_WARN_UNREACHABLE_CODE = YES;
				CLANG_WARN__DUPLICATE_METHOD_MATCH = YES;
				"CODE_SIGN_IDENTITY[sdk=iphoneos*]" = "iPhone Developer";
				COPY_PHASE_STRIP = NO;
				DEBUG_INFORMATION_FORMAT = "dwarf-with-dsym";
				ENABLE_NS_ASSERTIONS = NO;
				ENABLE_STRICT_OBJC_MSGSEND = YES;
				GCC_C_LANGUAGE_STANDARD = gnu99;
				GCC_NO_COMMON_BLOCKS = YES;
				GCC_WARN_64_TO_32_BIT_CONVERSION = YES;
				GCC_WARN_ABOUT_RETURN_TYPE = YES_ERROR;
				GCC_WARN_UNDECLARED_SELECTOR = YES;
				GCC_WARN_UNINITIALIZED_AUTOS = YES_AGGRESSIVE;
				GCC_WARN_UNUSED_FUNCTION = YES;
				GCC_WARN_UNUSED_VARIABLE = YES;
				IPHONEOS_DEPLOYMENT_TARGET = 10.3;
				MTL_ENABLE_DEBUG_INFO = NO;
				SDKROOT = iphoneos;
				VALIDATE_PRODUCT = YES;
			};
			name = Release;
		};
		6C1DBC4C1F5D497700F5B975 /* Debug */ = {
			isa = XCBuildConfiguration;
			baseConfigurationReference = 58A690C68A9DF126CD5FB3A6 /* Pods-mama.debug.xcconfig */;
			buildSettings = {
				ASSETCATALOG_COMPILER_APPICON_NAME = AppIcon;
				DEVELOPMENT_TEAM = AZ8E9LFA87;
				GCC_PREFIX_HEADER = /Users/cheer_haryy/Desktop/mama/mama/PrefixHeader.pch;
				INFOPLIST_FILE = mama/Info.plist;
				LD_RUNPATH_SEARCH_PATHS = "$(inherited) @executable_path/Frameworks";
				PRODUCT_BUNDLE_IDENTIFIER = "-1.mama";
				PRODUCT_NAME = "$(TARGET_NAME)";
			};
			name = Debug;
		};
		6C1DBC4D1F5D497700F5B975 /* Release */ = {
			isa = XCBuildConfiguration;
			baseConfigurationReference = 31F05D6CF5F48C698FF53C35 /* Pods-mama.release.xcconfig */;
			buildSettings = {
				ASSETCATALOG_COMPILER_APPICON_NAME = AppIcon;
				DEVELOPMENT_TEAM = AZ8E9LFA87;
				GCC_PREFIX_HEADER = /Users/cheer_haryy/Desktop/mama/mama/PrefixHeader.pch;
				INFOPLIST_FILE = mama/Info.plist;
				LD_RUNPATH_SEARCH_PATHS = "$(inherited) @executable_path/Frameworks";
				PRODUCT_BUNDLE_IDENTIFIER = "-1.mama";
				PRODUCT_NAME = "$(TARGET_NAME)";
			};
			name = Release;
		};
/* End XCBuildConfiguration section */

/* Begin XCConfigurationList section */
		6C1DBC2F1F5D497700F5B975 /* Build configuration list for PBXProject "mama" */ = {
			isa = XCConfigurationList;
			buildConfigurations = (
				6C1DBC491F5D497700F5B975 /* Debug */,
				6C1DBC4A1F5D497700F5B975 /* Release */,
			);
			defaultConfigurationIsVisible = 0;
			defaultConfigurationName = Release;
		};
		6C1DBC4B1F5D497700F5B975 /* Build configuration list for PBXNativeTarget "mama" */ = {
			isa = XCConfigurationList;
			buildConfigurations = (
				6C1DBC4C1F5D497700F5B975 /* Debug */,
				6C1DBC4D1F5D497700F5B975 /* Release */,
			);
			defaultConfigurationIsVisible = 0;
			defaultConfigurationName = Release;
		};
/* End XCConfigurationList section */
	};
	rootObject = 6C1DBC2C1F5D497700F5B975 /* Project object */;
}
